// !$*UTF8*$!
{
	archiveVersion = 1;
	classes = {
	};
	objectVersion = 46;
	objects = {

/* Begin PBXBuildFile section */
		0CD091991C510F4A00AEF0FE /* AHYContactListViewController.m in Sources */ = {isa = PBXBuildFile; fileRef = 0CD091981C510F4A00AEF0FE /* AHYContactListViewController.m */; };
		0CD0919C1C510F5E00AEF0FE /* AHYContactListCell.m in Sources */ = {isa = PBXBuildFile; fileRef = 0CD0919B1C510F5E00AEF0FE /* AHYContactListCell.m */; };
		0CD091A21C51120100AEF0FE /* AHYCommentView.m in Sources */ = {isa = PBXBuildFile; fileRef = 0CD0919F1C51120100AEF0FE /* AHYCommentView.m */; };
		0CD091A31C51120100AEF0FE /* AHYReserveView.m in Sources */ = {isa = PBXBuildFile; fileRef = 0CD091A11C51120100AEF0FE /* AHYReserveView.m */; };
		0CD091D41C51124500AEF0FE /* AHYDatabaseView.m in Sources */ = {isa = PBXBuildFile; fileRef = 0CD091AE1C51124500AEF0FE /* AHYDatabaseView.m */; };
		0CD091D51C51124500AEF0FE /* AHYDatabaseManager.m in Sources */ = {isa = PBXBuildFile; fileRef = 0CD091B11C51124500AEF0FE /* AHYDatabaseManager.m */; };
		0CD091D61C51124500AEF0FE /* AHYLeanMessageManager.m in Sources */ = {isa = PBXBuildFile; fileRef = 0CD091B31C51124500AEF0FE /* AHYLeanMessageManager.m */; };
		0CD091D71C51124500AEF0FE /* OTRColors.m in Sources */ = {isa = PBXBuildFile; fileRef = 0CD091B61C51124500AEF0FE /* OTRColors.m */; };
		0CD091D81C51124500AEF0FE /* OTRConstants.m in Sources */ = {isa = PBXBuildFile; fileRef = 0CD091B81C51124500AEF0FE /* OTRConstants.m */; };
		0CD091D91C51124500AEF0FE /* OTRImages.m in Sources */ = {isa = PBXBuildFile; fileRef = 0CD091BA1C51124500AEF0FE /* OTRImages.m */; };
		0CD091DA1C51124500AEF0FE /* OTRNotificationPermissions.m in Sources */ = {isa = PBXBuildFile; fileRef = 0CD091BC1C51124500AEF0FE /* OTRNotificationPermissions.m */; };
		0CD091DB1C51124500AEF0FE /* OTRPasswordGenerator.m in Sources */ = {isa = PBXBuildFile; fileRef = 0CD091BE1C51124500AEF0FE /* OTRPasswordGenerator.m */; };
		0CD091DC1C51124500AEF0FE /* OTRUtilities.m in Sources */ = {isa = PBXBuildFile; fileRef = 0CD091C01C51124500AEF0FE /* OTRUtilities.m */; };
		0CD091DD1C51124500AEF0FE /* AHYChatAccount.m in Sources */ = {isa = PBXBuildFile; fileRef = 0CD091C31C51124500AEF0FE /* AHYChatAccount.m */; };
		0CD091DE1C51124500AEF0FE /* AHYCommentItem.m in Sources */ = {isa = PBXBuildFile; fileRef = 0CD091C51C51124500AEF0FE /* AHYCommentItem.m */; };
		0CD091DF1C51124500AEF0FE /* AHYReservationItem.m in Sources */ = {isa = PBXBuildFile; fileRef = 0CD091C71C51124500AEF0FE /* AHYReservationItem.m */; };
		0CD091E01C51124500AEF0FE /* OTRBuddy.m in Sources */ = {isa = PBXBuildFile; fileRef = 0CD091C91C51124500AEF0FE /* OTRBuddy.m */; };
		0CD091E11C51124500AEF0FE /* OTRImageItem.m in Sources */ = {isa = PBXBuildFile; fileRef = 0CD091CB1C51124500AEF0FE /* OTRImageItem.m */; };
		0CD091E21C51124500AEF0FE /* OTRMediaItem.m in Sources */ = {isa = PBXBuildFile; fileRef = 0CD091CD1C51124500AEF0FE /* OTRMediaItem.m */; };
		0CD091E31C51124500AEF0FE /* OTRMessage+JSQMessageData.m in Sources */ = {isa = PBXBuildFile; fileRef = 0CD091CF1C51124500AEF0FE /* OTRMessage+JSQMessageData.m */; };
		0CD091E41C51124500AEF0FE /* OTRMessage.m in Sources */ = {isa = PBXBuildFile; fileRef = 0CD091D11C51124500AEF0FE /* OTRMessage.m */; };
		0CD091E51C51124500AEF0FE /* OTRYapDatabaseObject.m in Sources */ = {isa = PBXBuildFile; fileRef = 0CD091D31C51124500AEF0FE /* OTRYapDatabaseObject.m */; };
		0CD091EB1C51137600AEF0FE /* OTRColorFadingDotView.m in Sources */ = {isa = PBXBuildFile; fileRef = 0CD091E81C51137600AEF0FE /* OTRColorFadingDotView.m */; };
		0CD091EC1C51137600AEF0FE /* OTRComposingImageView.m in Sources */ = {isa = PBXBuildFile; fileRef = 0CD091EA1C51137600AEF0FE /* OTRComposingImageView.m */; };
		0CD091EF1C51140300AEF0FE /* AVOSCloud.framework in Frameworks */ = {isa = PBXBuildFile; fileRef = 0CD091ED1C51140300AEF0FE /* AVOSCloud.framework */; };
		0CD091F01C51140300AEF0FE /* AVOSCloudIM.framework in Frameworks */ = {isa = PBXBuildFile; fileRef = 0CD091EE1C51140300AEF0FE /* AVOSCloudIM.framework */; };
		0CD091F11C51144300AEF0FE /* AVOSCloud.framework in Frameworks */ = {isa = PBXBuildFile; fileRef = 0CD091ED1C51140300AEF0FE /* AVOSCloud.framework */; };
		0CD091F21C51144300AEF0FE /* AVOSCloud.framework in Embed Frameworks */ = {isa = PBXBuildFile; fileRef = 0CD091ED1C51140300AEF0FE /* AVOSCloud.framework */; settings = {ATTRIBUTES = (CodeSignOnCopy, RemoveHeadersOnCopy, ); }; };
		0CD091F31C51144300AEF0FE /* AVOSCloudIM.framework in Frameworks */ = {isa = PBXBuildFile; fileRef = 0CD091EE1C51140300AEF0FE /* AVOSCloudIM.framework */; };
		0CD091F41C51144300AEF0FE /* AVOSCloudIM.framework in Embed Frameworks */ = {isa = PBXBuildFile; fileRef = 0CD091EE1C51140300AEF0FE /* AVOSCloudIM.framework */; settings = {ATTRIBUTES = (CodeSignOnCopy, RemoveHeadersOnCopy, ); }; };
		0CD091F81C5116F600AEF0FE /* UIImage+BBlock.m in Sources */ = {isa = PBXBuildFile; fileRef = 0CD091F71C5116F600AEF0FE /* UIImage+BBlock.m */; };
		0CD091FB1C5117F000AEF0FE /* AHYChatMediaFileManager.m in Sources */ = {isa = PBXBuildFile; fileRef = 0CD091FA1C5117F000AEF0FE /* AHYChatMediaFileManager.m */; };
		0CD091FF1C5122EC00AEF0FE /* NSString+HTML.m in Sources */ = {isa = PBXBuildFile; fileRef = 0CD091FE1C5122EC00AEF0FE /* NSString+HTML.m */; settings = {COMPILER_FLAGS = "-fno-objc-arc"; }; };
		0CD092021C51232B00AEF0FE /* GTMNSString+HTML.m in Sources */ = {isa = PBXBuildFile; fileRef = 0CD092011C51232B00AEF0FE /* GTMNSString+HTML.m */; settings = {COMPILER_FLAGS = "-fno-objc-arc"; }; };
		1892F8111BF0A24F00EE1457 /* AHYProfileViewController.m in Sources */ = {isa = PBXBuildFile; fileRef = 1892F8101BF0A24F00EE1457 /* AHYProfileViewController.m */; };
		1892F8221BF0BA1600EE1457 /* avenirnextbold.otf in Resources */ = {isa = PBXBuildFile; fileRef = 1892F81C1BF0BA1600EE1457 /* avenirnextbold.otf */; };
		1892F8231BF0BA1600EE1457 /* avenirnextdemibold.otf in Resources */ = {isa = PBXBuildFile; fileRef = 1892F81D1BF0BA1600EE1457 /* avenirnextdemibold.otf */; };
		1892F8241BF0BA1600EE1457 /* avenirnextdemibolditalic.otf in Resources */ = {isa = PBXBuildFile; fileRef = 1892F81E1BF0BA1600EE1457 /* avenirnextdemibolditalic.otf */; };
		1892F8251BF0BA1600EE1457 /* avenirnextmedium.otf in Resources */ = {isa = PBXBuildFile; fileRef = 1892F81F1BF0BA1600EE1457 /* avenirnextmedium.otf */; };
		1892F8261BF0BA1600EE1457 /* avenirnextregular.otf in Resources */ = {isa = PBXBuildFile; fileRef = 1892F8201BF0BA1600EE1457 /* avenirnextregular.otf */; };
		1892F8271BF0BA1600EE1457 /* avenirnextregularitalic.otf in Resources */ = {isa = PBXBuildFile; fileRef = 1892F8211BF0BA1600EE1457 /* avenirnextregularitalic.otf */; };
		1892F8361BF0BA2000EE1457 /* Trade Gothic LT Bold Condensed No. 20 Oblique.ttf in Resources */ = {isa = PBXBuildFile; fileRef = 1892F8281BF0BA2000EE1457 /* Trade Gothic LT Bold Condensed No. 20 Oblique.ttf */; };
		1892F8371BF0BA2000EE1457 /* Trade Gothic LT Bold Condensed No. 20.ttf in Resources */ = {isa = PBXBuildFile; fileRef = 1892F8291BF0BA2000EE1457 /* Trade Gothic LT Bold Condensed No. 20.ttf */; };
		1892F8381BF0BA2000EE1457 /* Trade Gothic LT Bold Extended.ttf in Resources */ = {isa = PBXBuildFile; fileRef = 1892F82A1BF0BA2000EE1457 /* Trade Gothic LT Bold Extended.ttf */; };
		1892F8391BF0BA2000EE1457 /* Trade Gothic LT Bold No. 2 Oblique.ttf in Resources */ = {isa = PBXBuildFile; fileRef = 1892F82B1BF0BA2000EE1457 /* Trade Gothic LT Bold No. 2 Oblique.ttf */; };
		1892F83A1BF0BA2000EE1457 /* Trade Gothic LT Bold No. 2.ttf in Resources */ = {isa = PBXBuildFile; fileRef = 1892F82C1BF0BA2000EE1457 /* Trade Gothic LT Bold No. 2.ttf */; };
		1892F83B1BF0BA2000EE1457 /* Trade Gothic LT Bold Oblique.ttf in Resources */ = {isa = PBXBuildFile; fileRef = 1892F82D1BF0BA2000EE1457 /* Trade Gothic LT Bold Oblique.ttf */; };
		1892F83C1BF0BA2000EE1457 /* Trade Gothic LT Condensed Bold.ttf in Resources */ = {isa = PBXBuildFile; fileRef = 1892F82E1BF0BA2000EE1457 /* Trade Gothic LT Condensed Bold.ttf */; };
		1892F83D1BF0BA2000EE1457 /* Trade Gothic LT Condensed No. 18 Oblique.ttf in Resources */ = {isa = PBXBuildFile; fileRef = 1892F82F1BF0BA2000EE1457 /* Trade Gothic LT Condensed No. 18 Oblique.ttf */; };
		1892F83E1BF0BA2000EE1457 /* Trade Gothic LT Condensed No. 18.ttf in Resources */ = {isa = PBXBuildFile; fileRef = 1892F8301BF0BA2000EE1457 /* Trade Gothic LT Condensed No. 18.ttf */; };
		1892F83F1BF0BA2000EE1457 /* Trade Gothic LT Extended.ttf in Resources */ = {isa = PBXBuildFile; fileRef = 1892F8311BF0BA2000EE1457 /* Trade Gothic LT Extended.ttf */; };
		1892F8401BF0BA2000EE1457 /* Trade Gothic LT Light Oblique.ttf in Resources */ = {isa = PBXBuildFile; fileRef = 1892F8321BF0BA2000EE1457 /* Trade Gothic LT Light Oblique.ttf */; };
		1892F8411BF0BA2000EE1457 /* Trade Gothic LT Light.ttf in Resources */ = {isa = PBXBuildFile; fileRef = 1892F8331BF0BA2000EE1457 /* Trade Gothic LT Light.ttf */; };
		1892F8421BF0BA2000EE1457 /* Trade Gothic LT Oblique.ttf in Resources */ = {isa = PBXBuildFile; fileRef = 1892F8341BF0BA2000EE1457 /* Trade Gothic LT Oblique.ttf */; };
		1892F8431BF0BA2000EE1457 /* Trade Gothic LT.ttf in Resources */ = {isa = PBXBuildFile; fileRef = 1892F8351BF0BA2000EE1457 /* Trade Gothic LT.ttf */; };
		1892F8491BF3083D00EE1457 /* UIProfileHeaderView.m in Sources */ = {isa = PBXBuildFile; fileRef = 1892F8481BF3083D00EE1457 /* UIProfileHeaderView.m */; };
		1892F84F1BF3131A00EE1457 /* UIUserIntroductionView.m in Sources */ = {isa = PBXBuildFile; fileRef = 1892F84E1BF3131A00EE1457 /* UIUserIntroductionView.m */; };
		1892F8521BF3193600EE1457 /* CustomTableViewCell.m in Sources */ = {isa = PBXBuildFile; fileRef = 1892F8511BF3193600EE1457 /* CustomTableViewCell.m */; };
		6FAAC5091BD939FA0085017B /* AHYRecommendView.m in Sources */ = {isa = PBXBuildFile; fileRef = 6FAAC5081BD939FA0085017B /* AHYRecommendView.m */; };
		6FAAC50E1BD9E1190085017B /* AHYAdvisorListCell.m in Sources */ = {isa = PBXBuildFile; fileRef = 6FAAC50C1BD9E1190085017B /* AHYAdvisorListCell.m */; };
		6FAAC5141BDA00530085017B /* AVStarsView.m in Sources */ = {isa = PBXBuildFile; fileRef = 6FAAC5131BDA00530085017B /* AVStarsView.m */; };
		6FAAC5171BDA03900085017B /* UIColor+Hex.m in Sources */ = {isa = PBXBuildFile; fileRef = 6FAAC5161BDA03900085017B /* UIColor+Hex.m */; };
		6FAAC5231BDA75870085017B /* AHYSingleTopicCell.m in Sources */ = {isa = PBXBuildFile; fileRef = 6FAAC5221BDA75870085017B /* AHYSingleTopicCell.m */; };
		6FAAC5291BDA8C080085017B /* AHYCategoryView.m in Sources */ = {isa = PBXBuildFile; fileRef = 6FAAC5281BDA8C080085017B /* AHYCategoryView.m */; };
		6FAAC5371BDF54DA0085017B /* AHYTopic.m in Sources */ = {isa = PBXBuildFile; fileRef = 6FAAC5361BDF54DA0085017B /* AHYTopic.m */; };
		6FAAC53E1BDF5B640085017B /* AHYAdvisor.m in Sources */ = {isa = PBXBuildFile; fileRef = 6FAAC53D1BDF5B640085017B /* AHYAdvisor.m */; };
		7E0B65A51BCD53AA004BAA76 /* AHYDiscoverViewController.m in Sources */ = {isa = PBXBuildFile; fileRef = 7E0B65A41BCD53AA004BAA76 /* AHYDiscoverViewController.m */; };
		7E0B65A81BCD53D5004BAA76 /* AHYSearchViewController.m in Sources */ = {isa = PBXBuildFile; fileRef = 7E0B65A71BCD53D5004BAA76 /* AHYSearchViewController.m */; };
		7E0C9EAA1BF873F000B2BCCB /* main.m in Sources */ = {isa = PBXBuildFile; fileRef = 7E1375211BCA6EB100AB3CA9 /* main.m */; };
		7E1375251BCA6EB100AB3CA9 /* AppDelegate.m in Sources */ = {isa = PBXBuildFile; fileRef = 7E1375241BCA6EB100AB3CA9 /* AppDelegate.m */; };
		7E1375301BCA6EB100AB3CA9 /* Assets.xcassets in Resources */ = {isa = PBXBuildFile; fileRef = 7E13752F1BCA6EB100AB3CA9 /* Assets.xcassets */; };
		7E1375331BCA6EB100AB3CA9 /* LaunchScreen.storyboard in Resources */ = {isa = PBXBuildFile; fileRef = 7E1375311BCA6EB100AB3CA9 /* LaunchScreen.storyboard */; };
		7E36292B1BEE3F160000711F /* AHYTopicViewController.m in Sources */ = {isa = PBXBuildFile; fileRef = 7E36292A1BEE3F160000711F /* AHYTopicViewController.m */; };
		7E3C065D1BEF984600E8F5D7 /* AHYAdvisorFilterView.m in Sources */ = {isa = PBXBuildFile; fileRef = 7E3C065C1BEF984600E8F5D7 /* AHYAdvisorFilterView.m */; };
		7E3C066C1BF2457300E8F5D7 /* UIImage+Color.m in Sources */ = {isa = PBXBuildFile; fileRef = 7E3C066B1BF2457300E8F5D7 /* UIImage+Color.m */; };
		7E3C066F1BF2459600E8F5D7 /* NMRangeSlider.m in Sources */ = {isa = PBXBuildFile; fileRef = 7E3C066D1BF2459600E8F5D7 /* NMRangeSlider.m */; };
		7E3C06721BF2466A00E8F5D7 /* RFSegmentView.m in Sources */ = {isa = PBXBuildFile; fileRef = 7E3C06711BF2466A00E8F5D7 /* RFSegmentView.m */; };
		7E3C06771BF38FDA00E8F5D7 /* AHYAdvisorFilterView.xib in Resources */ = {isa = PBXBuildFile; fileRef = 7E3C06761BF38FDA00E8F5D7 /* AHYAdvisorFilterView.xib */; };
		7E4DA13B1BFCC85700978C5A /* Reveal.framework in Frameworks */ = {isa = PBXBuildFile; fileRef = 7E4DA13A1BFCC85700978C5A /* Reveal.framework */; };
		7E4DA13D1BFCC9FE00978C5A /* libz.1.dylib in Frameworks */ = {isa = PBXBuildFile; fileRef = 7E4DA13C1BFCC9FE00978C5A /* libz.1.dylib */; };
		7E6C21C91C0F494400BC407E /* AHYSearchResultsViewController.m in Sources */ = {isa = PBXBuildFile; fileRef = 7E6C21C81C0F494400BC407E /* AHYSearchResultsViewController.m */; };
		7E6C21CD1C1B231C00BC407E /* AHYNetworkEngine.m in Sources */ = {isa = PBXBuildFile; fileRef = 7E6C21CC1C1B231C00BC407E /* AHYNetworkEngine.m */; };
		7E6C21D11C1B243E00BC407E /* AHYNetworkResponse.m in Sources */ = {isa = PBXBuildFile; fileRef = 7E6C21D01C1B243E00BC407E /* AHYNetworkResponse.m */; };
		7EE5AF261BCB26A0002B1771 /* AHYRootViewControllerManager.m in Sources */ = {isa = PBXBuildFile; fileRef = 7EE5AF251BCB26A0002B1771 /* AHYRootViewControllerManager.m */; };
		B0B5C99B4C05120E1A9BAF35 /* libPods.a in Frameworks */ = {isa = PBXBuildFile; fileRef = FC70946D6FBBBF66DB552EFC /* libPods.a */; };
		FC18603F1C2D1A0400BD410B /* AHYReviewReservationVC.m in Sources */ = {isa = PBXBuildFile; fileRef = FC18603E1C2D1A0400BD410B /* AHYReviewReservationVC.m */; };
		FC4B2CD81C1986F800F58103 /* UIAdvisorPageCollectionCell.m in Sources */ = {isa = PBXBuildFile; fileRef = FC4B2CD71C1986F800F58103 /* UIAdvisorPageCollectionCell.m */; };
		FC4B2CDB1C1987E900F58103 /* UIAdvisorNormalCollectionCell.m in Sources */ = {isa = PBXBuildFile; fileRef = FC4B2CDA1C1987E900F58103 /* UIAdvisorNormalCollectionCell.m */; };
		FC54224B1C11D1BE008BC3E5 /* AHYAdVisorProfileVC.m in Sources */ = {isa = PBXBuildFile; fileRef = FC54224A1C11D1BE008BC3E5 /* AHYAdVisorProfileVC.m */; };
		FC5535A91C080F35002A05BE /* UIUserReviewsView.m in Sources */ = {isa = PBXBuildFile; fileRef = FC5535A81C080F35002A05BE /* UIUserReviewsView.m */; };
		FC5535AC1C08195F002A05BE /* CustomTagView.m in Sources */ = {isa = PBXBuildFile; fileRef = FC5535AB1C08195F002A05BE /* CustomTagView.m */; };
		FC5535B71C085901002A05BE /* AHYUser.m in Sources */ = {isa = PBXBuildFile; fileRef = FC5535B61C085901002A05BE /* AHYUser.m */; };
		FC5535BA1C085EC2002A05BE /* AHYReviewTag.m in Sources */ = {isa = PBXBuildFile; fileRef = FC5535B91C085EC2002A05BE /* AHYReviewTag.m */; };
		FC5B355F1C28059B00FDE1D0 /* Utility.m in Sources */ = {isa = PBXBuildFile; fileRef = FC5B355E1C28059B00FDE1D0 /* Utility.m */; };
		FC5F2C6B1C2153A6002D1779 /* UITopicSelectCollectionCell.m in Sources */ = {isa = PBXBuildFile; fileRef = FC5F2C6A1C2153A6002D1779 /* UITopicSelectCollectionCell.m */; };
		FC6EC1DF1C29914E0081C4D7 /* AHYCancelReservationVC.m in Sources */ = {isa = PBXBuildFile; fileRef = FC6EC1DC1C29914E0081C4D7 /* AHYCancelReservationVC.m */; };
		FC6EC1E01C29914E0081C4D7 /* AHYReservationVC.m in Sources */ = {isa = PBXBuildFile; fileRef = FC6EC1DE1C29914E0081C4D7 /* AHYReservationVC.m */; };
		FC784C3A1C1D3FA6007FCD7F /* UIUserScoreView.m in Sources */ = {isa = PBXBuildFile; fileRef = FC784C391C1D3FA6007FCD7F /* UIUserScoreView.m */; };
		FCF0E71F1BF5D6D8002BDCE2 /* UIAdvisePageScrollView.m in Sources */ = {isa = PBXBuildFile; fileRef = FCF0E71E1BF5D6D8002BDCE2 /* UIAdvisePageScrollView.m */; };
/* End PBXBuildFile section */

/* Begin PBXCopyFilesBuildPhase section */
		0CD091F51C51144400AEF0FE /* Embed Frameworks */ = {
			isa = PBXCopyFilesBuildPhase;
			buildActionMask = 2147483647;
			dstPath = "";
			dstSubfolderSpec = 10;
			files = (
				0CD091F21C51144300AEF0FE /* AVOSCloud.framework in Embed Frameworks */,
				0CD091F41C51144300AEF0FE /* AVOSCloudIM.framework in Embed Frameworks */,
			);
			name = "Embed Frameworks";
			runOnlyForDeploymentPostprocessing = 0;
		};
/* End PBXCopyFilesBuildPhase section */

/* Begin PBXFileReference section */
		0CD091971C510F4A00AEF0FE /* AHYContactListViewController.h */ = {isa = PBXFileReference; fileEncoding = 4; lastKnownFileType = sourcecode.c.h; name = AHYContactListViewController.h; path = Chat/AHYContactListViewController.h; sourceTree = "<group>"; };
		0CD091981C510F4A00AEF0FE /* AHYContactListViewController.m */ = {isa = PBXFileReference; fileEncoding = 4; lastKnownFileType = sourcecode.c.objc; name = AHYContactListViewController.m; path = Chat/AHYContactListViewController.m; sourceTree = "<group>"; };
		0CD0919A1C510F5E00AEF0FE /* AHYContactListCell.h */ = {isa = PBXFileReference; fileEncoding = 4; lastKnownFileType = sourcecode.c.h; name = AHYContactListCell.h; path = Chat/AHYContactListCell.h; sourceTree = "<group>"; };
		0CD0919B1C510F5E00AEF0FE /* AHYContactListCell.m */ = {isa = PBXFileReference; fileEncoding = 4; lastKnownFileType = sourcecode.c.objc; name = AHYContactListCell.m; path = Chat/AHYContactListCell.m; sourceTree = "<group>"; };
		0CD0919E1C51120100AEF0FE /* AHYCommentView.h */ = {isa = PBXFileReference; fileEncoding = 4; lastKnownFileType = sourcecode.c.h; name = AHYCommentView.h; path = Chat/AHYCommentView.h; sourceTree = "<group>"; };
		0CD0919F1C51120100AEF0FE /* AHYCommentView.m */ = {isa = PBXFileReference; fileEncoding = 4; lastKnownFileType = sourcecode.c.objc; name = AHYCommentView.m; path = Chat/AHYCommentView.m; sourceTree = "<group>"; };
		0CD091A01C51120100AEF0FE /* AHYReserveView.h */ = {isa = PBXFileReference; fileEncoding = 4; lastKnownFileType = sourcecode.c.h; name = AHYReserveView.h; path = Chat/AHYReserveView.h; sourceTree = "<group>"; };
		0CD091A11C51120100AEF0FE /* AHYReserveView.m */ = {isa = PBXFileReference; fileEncoding = 4; lastKnownFileType = sourcecode.c.objc; name = AHYReserveView.m; path = Chat/AHYReserveView.m; sourceTree = "<group>"; };
		0CD091AD1C51124500AEF0FE /* AHYDatabaseView.h */ = {isa = PBXFileReference; fileEncoding = 4; lastKnownFileType = sourcecode.c.h; path = AHYDatabaseView.h; sourceTree = "<group>"; };
		0CD091AE1C51124500AEF0FE /* AHYDatabaseView.m */ = {isa = PBXFileReference; fileEncoding = 4; lastKnownFileType = sourcecode.c.objc; path = AHYDatabaseView.m; sourceTree = "<group>"; };
		0CD091B01C51124500AEF0FE /* AHYDatabaseManager.h */ = {isa = PBXFileReference; fileEncoding = 4; lastKnownFileType = sourcecode.c.h; path = AHYDatabaseManager.h; sourceTree = "<group>"; };
		0CD091B11C51124500AEF0FE /* AHYDatabaseManager.m */ = {isa = PBXFileReference; fileEncoding = 4; lastKnownFileType = sourcecode.c.objc; path = AHYDatabaseManager.m; sourceTree = "<group>"; };
		0CD091B21C51124500AEF0FE /* AHYLeanMessageManager.h */ = {isa = PBXFileReference; fileEncoding = 4; lastKnownFileType = sourcecode.c.h; path = AHYLeanMessageManager.h; sourceTree = "<group>"; };
		0CD091B31C51124500AEF0FE /* AHYLeanMessageManager.m */ = {isa = PBXFileReference; fileEncoding = 4; lastKnownFileType = sourcecode.c.objc; path = AHYLeanMessageManager.m; sourceTree = "<group>"; };
		0CD091B51C51124500AEF0FE /* OTRColors.h */ = {isa = PBXFileReference; fileEncoding = 4; lastKnownFileType = sourcecode.c.h; path = OTRColors.h; sourceTree = "<group>"; };
		0CD091B61C51124500AEF0FE /* OTRColors.m */ = {isa = PBXFileReference; fileEncoding = 4; lastKnownFileType = sourcecode.c.objc; path = OTRColors.m; sourceTree = "<group>"; };
		0CD091B71C51124500AEF0FE /* OTRConstants.h */ = {isa = PBXFileReference; fileEncoding = 4; lastKnownFileType = sourcecode.c.h; path = OTRConstants.h; sourceTree = "<group>"; };
		0CD091B81C51124500AEF0FE /* OTRConstants.m */ = {isa = PBXFileReference; fileEncoding = 4; lastKnownFileType = sourcecode.c.objc; path = OTRConstants.m; sourceTree = "<group>"; };
		0CD091B91C51124500AEF0FE /* OTRImages.h */ = {isa = PBXFileReference; fileEncoding = 4; lastKnownFileType = sourcecode.c.h; path = OTRImages.h; sourceTree = "<group>"; };
		0CD091BA1C51124500AEF0FE /* OTRImages.m */ = {isa = PBXFileReference; fileEncoding = 4; lastKnownFileType = sourcecode.c.objc; path = OTRImages.m; sourceTree = "<group>"; };
		0CD091BB1C51124500AEF0FE /* OTRNotificationPermissions.h */ = {isa = PBXFileReference; fileEncoding = 4; lastKnownFileType = sourcecode.c.h; path = OTRNotificationPermissions.h; sourceTree = "<group>"; };
		0CD091BC1C51124500AEF0FE /* OTRNotificationPermissions.m */ = {isa = PBXFileReference; fileEncoding = 4; lastKnownFileType = sourcecode.c.objc; path = OTRNotificationPermissions.m; sourceTree = "<group>"; };
		0CD091BD1C51124500AEF0FE /* OTRPasswordGenerator.h */ = {isa = PBXFileReference; fileEncoding = 4; lastKnownFileType = sourcecode.c.h; path = OTRPasswordGenerator.h; sourceTree = "<group>"; };
		0CD091BE1C51124500AEF0FE /* OTRPasswordGenerator.m */ = {isa = PBXFileReference; fileEncoding = 4; lastKnownFileType = sourcecode.c.objc; path = OTRPasswordGenerator.m; sourceTree = "<group>"; };
		0CD091BF1C51124500AEF0FE /* OTRUtilities.h */ = {isa = PBXFileReference; fileEncoding = 4; lastKnownFileType = sourcecode.c.h; path = OTRUtilities.h; sourceTree = "<group>"; };
		0CD091C01C51124500AEF0FE /* OTRUtilities.m */ = {isa = PBXFileReference; fileEncoding = 4; lastKnownFileType = sourcecode.c.objc; path = OTRUtilities.m; sourceTree = "<group>"; };
		0CD091C21C51124500AEF0FE /* AHYChatAccount.h */ = {isa = PBXFileReference; fileEncoding = 4; lastKnownFileType = sourcecode.c.h; path = AHYChatAccount.h; sourceTree = "<group>"; };
		0CD091C31C51124500AEF0FE /* AHYChatAccount.m */ = {isa = PBXFileReference; fileEncoding = 4; lastKnownFileType = sourcecode.c.objc; path = AHYChatAccount.m; sourceTree = "<group>"; };
		0CD091C41C51124500AEF0FE /* AHYCommentItem.h */ = {isa = PBXFileReference; fileEncoding = 4; lastKnownFileType = sourcecode.c.h; path = AHYCommentItem.h; sourceTree = "<group>"; };
		0CD091C51C51124500AEF0FE /* AHYCommentItem.m */ = {isa = PBXFileReference; fileEncoding = 4; lastKnownFileType = sourcecode.c.objc; path = AHYCommentItem.m; sourceTree = "<group>"; };
		0CD091C61C51124500AEF0FE /* AHYReservationItem.h */ = {isa = PBXFileReference; fileEncoding = 4; lastKnownFileType = sourcecode.c.h; path = AHYReservationItem.h; sourceTree = "<group>"; };
		0CD091C71C51124500AEF0FE /* AHYReservationItem.m */ = {isa = PBXFileReference; fileEncoding = 4; lastKnownFileType = sourcecode.c.objc; path = AHYReservationItem.m; sourceTree = "<group>"; };
		0CD091C81C51124500AEF0FE /* OTRBuddy.h */ = {isa = PBXFileReference; fileEncoding = 4; lastKnownFileType = sourcecode.c.h; path = OTRBuddy.h; sourceTree = "<group>"; };
		0CD091C91C51124500AEF0FE /* OTRBuddy.m */ = {isa = PBXFileReference; fileEncoding = 4; lastKnownFileType = sourcecode.c.objc; path = OTRBuddy.m; sourceTree = "<group>"; };
		0CD091CA1C51124500AEF0FE /* OTRImageItem.h */ = {isa = PBXFileReference; fileEncoding = 4; lastKnownFileType = sourcecode.c.h; path = OTRImageItem.h; sourceTree = "<group>"; };
		0CD091CB1C51124500AEF0FE /* OTRImageItem.m */ = {isa = PBXFileReference; fileEncoding = 4; lastKnownFileType = sourcecode.c.objc; path = OTRImageItem.m; sourceTree = "<group>"; };
		0CD091CC1C51124500AEF0FE /* OTRMediaItem.h */ = {isa = PBXFileReference; fileEncoding = 4; lastKnownFileType = sourcecode.c.h; path = OTRMediaItem.h; sourceTree = "<group>"; };
		0CD091CD1C51124500AEF0FE /* OTRMediaItem.m */ = {isa = PBXFileReference; fileEncoding = 4; lastKnownFileType = sourcecode.c.objc; path = OTRMediaItem.m; sourceTree = "<group>"; };
		0CD091CE1C51124500AEF0FE /* OTRMessage+JSQMessageData.h */ = {isa = PBXFileReference; fileEncoding = 4; lastKnownFileType = sourcecode.c.h; path = "OTRMessage+JSQMessageData.h"; sourceTree = "<group>"; };
		0CD091CF1C51124500AEF0FE /* OTRMessage+JSQMessageData.m */ = {isa = PBXFileReference; fileEncoding = 4; lastKnownFileType = sourcecode.c.objc; path = "OTRMessage+JSQMessageData.m"; sourceTree = "<group>"; };
		0CD091D01C51124500AEF0FE /* OTRMessage.h */ = {isa = PBXFileReference; fileEncoding = 4; lastKnownFileType = sourcecode.c.h; path = OTRMessage.h; sourceTree = "<group>"; };
		0CD091D11C51124500AEF0FE /* OTRMessage.m */ = {isa = PBXFileReference; fileEncoding = 4; lastKnownFileType = sourcecode.c.objc; path = OTRMessage.m; sourceTree = "<group>"; };
		0CD091D21C51124500AEF0FE /* OTRYapDatabaseObject.h */ = {isa = PBXFileReference; fileEncoding = 4; lastKnownFileType = sourcecode.c.h; path = OTRYapDatabaseObject.h; sourceTree = "<group>"; };
		0CD091D31C51124500AEF0FE /* OTRYapDatabaseObject.m */ = {isa = PBXFileReference; fileEncoding = 4; lastKnownFileType = sourcecode.c.objc; path = OTRYapDatabaseObject.m; sourceTree = "<group>"; };
		0CD091E71C51137600AEF0FE /* OTRColorFadingDotView.h */ = {isa = PBXFileReference; fileEncoding = 4; lastKnownFileType = sourcecode.c.h; path = OTRColorFadingDotView.h; sourceTree = "<group>"; };
		0CD091E81C51137600AEF0FE /* OTRColorFadingDotView.m */ = {isa = PBXFileReference; fileEncoding = 4; lastKnownFileType = sourcecode.c.objc; path = OTRColorFadingDotView.m; sourceTree = "<group>"; };
		0CD091E91C51137600AEF0FE /* OTRComposingImageView.h */ = {isa = PBXFileReference; fileEncoding = 4; lastKnownFileType = sourcecode.c.h; path = OTRComposingImageView.h; sourceTree = "<group>"; };
		0CD091EA1C51137600AEF0FE /* OTRComposingImageView.m */ = {isa = PBXFileReference; fileEncoding = 4; lastKnownFileType = sourcecode.c.objc; path = OTRComposingImageView.m; sourceTree = "<group>"; };
		0CD091ED1C51140300AEF0FE /* AVOSCloud.framework */ = {isa = PBXFileReference; lastKnownFileType = wrapper.framework; name = AVOSCloud.framework; path = Ahoy/Chat/AVOSCloud/Framework/AVOSCloud.framework; sourceTree = "<group>"; };
		0CD091EE1C51140300AEF0FE /* AVOSCloudIM.framework */ = {isa = PBXFileReference; lastKnownFileType = wrapper.framework; name = AVOSCloudIM.framework; path = Ahoy/Chat/AVOSCloud/Framework/AVOSCloudIM.framework; sourceTree = "<group>"; };
		0CD091F61C5116F600AEF0FE /* UIImage+BBlock.h */ = {isa = PBXFileReference; fileEncoding = 4; lastKnownFileType = sourcecode.c.h; path = "UIImage+BBlock.h"; sourceTree = "<group>"; };
		0CD091F71C5116F600AEF0FE /* UIImage+BBlock.m */ = {isa = PBXFileReference; fileEncoding = 4; lastKnownFileType = sourcecode.c.objc; path = "UIImage+BBlock.m"; sourceTree = "<group>"; };
		0CD091F91C5117F000AEF0FE /* AHYChatMediaFileManager.h */ = {isa = PBXFileReference; fileEncoding = 4; lastKnownFileType = sourcecode.c.h; path = AHYChatMediaFileManager.h; sourceTree = "<group>"; };
		0CD091FA1C5117F000AEF0FE /* AHYChatMediaFileManager.m */ = {isa = PBXFileReference; fileEncoding = 4; lastKnownFileType = sourcecode.c.objc; path = AHYChatMediaFileManager.m; sourceTree = "<group>"; };
		0CD091FD1C5122EC00AEF0FE /* NSString+HTML.h */ = {isa = PBXFileReference; fileEncoding = 4; lastKnownFileType = sourcecode.c.h; path = "NSString+HTML.h"; sourceTree = "<group>"; };
		0CD091FE1C5122EC00AEF0FE /* NSString+HTML.m */ = {isa = PBXFileReference; fileEncoding = 4; lastKnownFileType = sourcecode.c.objc; path = "NSString+HTML.m"; sourceTree = "<group>"; };
		0CD092001C51232B00AEF0FE /* GTMNSString+HTML.h */ = {isa = PBXFileReference; fileEncoding = 4; lastKnownFileType = sourcecode.c.h; path = "GTMNSString+HTML.h"; sourceTree = "<group>"; };
		0CD092011C51232B00AEF0FE /* GTMNSString+HTML.m */ = {isa = PBXFileReference; fileEncoding = 4; lastKnownFileType = sourcecode.c.objc; path = "GTMNSString+HTML.m"; sourceTree = "<group>"; };
		1892F80F1BF0A24F00EE1457 /* AHYProfileViewController.h */ = {isa = PBXFileReference; fileEncoding = 4; lastKnownFileType = sourcecode.c.h; path = AHYProfileViewController.h; sourceTree = "<group>"; };
		1892F8101BF0A24F00EE1457 /* AHYProfileViewController.m */ = {isa = PBXFileReference; fileEncoding = 4; lastKnownFileType = sourcecode.c.objc; path = AHYProfileViewController.m; sourceTree = "<group>"; };
		1892F8121BF0A7F000EE1457 /* AHYFrame.h */ = {isa = PBXFileReference; lastKnownFileType = sourcecode.c.h; path = AHYFrame.h; sourceTree = "<group>"; };
		1892F81C1BF0BA1600EE1457 /* avenirnextbold.otf */ = {isa = PBXFileReference; lastKnownFileType = file; name = avenirnextbold.otf; path = "Font/Avenir Next/avenirnextbold.otf"; sourceTree = "<group>"; };
		1892F81D1BF0BA1600EE1457 /* avenirnextdemibold.otf */ = {isa = PBXFileReference; lastKnownFileType = file; name = avenirnextdemibold.otf; path = "Font/Avenir Next/avenirnextdemibold.otf"; sourceTree = "<group>"; };
		1892F81E1BF0BA1600EE1457 /* avenirnextdemibolditalic.otf */ = {isa = PBXFileReference; lastKnownFileType = file; name = avenirnextdemibolditalic.otf; path = "Font/Avenir Next/avenirnextdemibolditalic.otf"; sourceTree = "<group>"; };
		1892F81F1BF0BA1600EE1457 /* avenirnextmedium.otf */ = {isa = PBXFileReference; lastKnownFileType = file; name = avenirnextmedium.otf; path = "Font/Avenir Next/avenirnextmedium.otf"; sourceTree = "<group>"; };
		1892F8201BF0BA1600EE1457 /* avenirnextregular.otf */ = {isa = PBXFileReference; lastKnownFileType = file; name = avenirnextregular.otf; path = "Font/Avenir Next/avenirnextregular.otf"; sourceTree = "<group>"; };
		1892F8211BF0BA1600EE1457 /* avenirnextregularitalic.otf */ = {isa = PBXFileReference; lastKnownFileType = file; name = avenirnextregularitalic.otf; path = "Font/Avenir Next/avenirnextregularitalic.otf"; sourceTree = "<group>"; };
		1892F8281BF0BA2000EE1457 /* Trade Gothic LT Bold Condensed No. 20 Oblique.ttf */ = {isa = PBXFileReference; lastKnownFileType = file; name = "Trade Gothic LT Bold Condensed No. 20 Oblique.ttf"; path = "Font/Trade Gothic/Trade Gothic LT Bold Condensed No. 20 Oblique.ttf"; sourceTree = "<group>"; };
		1892F8291BF0BA2000EE1457 /* Trade Gothic LT Bold Condensed No. 20.ttf */ = {isa = PBXFileReference; lastKnownFileType = file; name = "Trade Gothic LT Bold Condensed No. 20.ttf"; path = "Font/Trade Gothic/Trade Gothic LT Bold Condensed No. 20.ttf"; sourceTree = "<group>"; };
		1892F82A1BF0BA2000EE1457 /* Trade Gothic LT Bold Extended.ttf */ = {isa = PBXFileReference; lastKnownFileType = file; name = "Trade Gothic LT Bold Extended.ttf"; path = "Font/Trade Gothic/Trade Gothic LT Bold Extended.ttf"; sourceTree = "<group>"; };
		1892F82B1BF0BA2000EE1457 /* Trade Gothic LT Bold No. 2 Oblique.ttf */ = {isa = PBXFileReference; lastKnownFileType = file; name = "Trade Gothic LT Bold No. 2 Oblique.ttf"; path = "Font/Trade Gothic/Trade Gothic LT Bold No. 2 Oblique.ttf"; sourceTree = "<group>"; };
		1892F82C1BF0BA2000EE1457 /* Trade Gothic LT Bold No. 2.ttf */ = {isa = PBXFileReference; lastKnownFileType = file; name = "Trade Gothic LT Bold No. 2.ttf"; path = "Font/Trade Gothic/Trade Gothic LT Bold No. 2.ttf"; sourceTree = "<group>"; };
		1892F82D1BF0BA2000EE1457 /* Trade Gothic LT Bold Oblique.ttf */ = {isa = PBXFileReference; lastKnownFileType = file; name = "Trade Gothic LT Bold Oblique.ttf"; path = "Font/Trade Gothic/Trade Gothic LT Bold Oblique.ttf"; sourceTree = "<group>"; };
		1892F82E1BF0BA2000EE1457 /* Trade Gothic LT Condensed Bold.ttf */ = {isa = PBXFileReference; lastKnownFileType = file; name = "Trade Gothic LT Condensed Bold.ttf"; path = "Font/Trade Gothic/Trade Gothic LT Condensed Bold.ttf"; sourceTree = "<group>"; };
		1892F82F1BF0BA2000EE1457 /* Trade Gothic LT Condensed No. 18 Oblique.ttf */ = {isa = PBXFileReference; lastKnownFileType = file; name = "Trade Gothic LT Condensed No. 18 Oblique.ttf"; path = "Font/Trade Gothic/Trade Gothic LT Condensed No. 18 Oblique.ttf"; sourceTree = "<group>"; };
		1892F8301BF0BA2000EE1457 /* Trade Gothic LT Condensed No. 18.ttf */ = {isa = PBXFileReference; lastKnownFileType = file; name = "Trade Gothic LT Condensed No. 18.ttf"; path = "Font/Trade Gothic/Trade Gothic LT Condensed No. 18.ttf"; sourceTree = "<group>"; };
		1892F8311BF0BA2000EE1457 /* Trade Gothic LT Extended.ttf */ = {isa = PBXFileReference; lastKnownFileType = file; name = "Trade Gothic LT Extended.ttf"; path = "Font/Trade Gothic/Trade Gothic LT Extended.ttf"; sourceTree = "<group>"; };
		1892F8321BF0BA2000EE1457 /* Trade Gothic LT Light Oblique.ttf */ = {isa = PBXFileReference; lastKnownFileType = file; name = "Trade Gothic LT Light Oblique.ttf"; path = "Font/Trade Gothic/Trade Gothic LT Light Oblique.ttf"; sourceTree = "<group>"; };
		1892F8331BF0BA2000EE1457 /* Trade Gothic LT Light.ttf */ = {isa = PBXFileReference; lastKnownFileType = file; name = "Trade Gothic LT Light.ttf"; path = "Font/Trade Gothic/Trade Gothic LT Light.ttf"; sourceTree = "<group>"; };
		1892F8341BF0BA2000EE1457 /* Trade Gothic LT Oblique.ttf */ = {isa = PBXFileReference; lastKnownFileType = file; name = "Trade Gothic LT Oblique.ttf"; path = "Font/Trade Gothic/Trade Gothic LT Oblique.ttf"; sourceTree = "<group>"; };
		1892F8351BF0BA2000EE1457 /* Trade Gothic LT.ttf */ = {isa = PBXFileReference; lastKnownFileType = file; name = "Trade Gothic LT.ttf"; path = "Font/Trade Gothic/Trade Gothic LT.ttf"; sourceTree = "<group>"; };
		1892F8471BF3083D00EE1457 /* UIProfileHeaderView.h */ = {isa = PBXFileReference; fileEncoding = 4; lastKnownFileType = sourcecode.c.h; name = UIProfileHeaderView.h; path = User/UIProfileHeaderView.h; sourceTree = "<group>"; };
		1892F8481BF3083D00EE1457 /* UIProfileHeaderView.m */ = {isa = PBXFileReference; fileEncoding = 4; lastKnownFileType = sourcecode.c.objc; name = UIProfileHeaderView.m; path = User/UIProfileHeaderView.m; sourceTree = "<group>"; };
		1892F84D1BF3131A00EE1457 /* UIUserIntroductionView.h */ = {isa = PBXFileReference; fileEncoding = 4; lastKnownFileType = sourcecode.c.h; name = UIUserIntroductionView.h; path = User/UIUserIntroductionView.h; sourceTree = "<group>"; };
		1892F84E1BF3131A00EE1457 /* UIUserIntroductionView.m */ = {isa = PBXFileReference; fileEncoding = 4; lastKnownFileType = sourcecode.c.objc; name = UIUserIntroductionView.m; path = User/UIUserIntroductionView.m; sourceTree = "<group>"; };
		1892F8501BF3193600EE1457 /* CustomTableViewCell.h */ = {isa = PBXFileReference; fileEncoding = 4; lastKnownFileType = sourcecode.c.h; path = CustomTableViewCell.h; sourceTree = "<group>"; };
		1892F8511BF3193600EE1457 /* CustomTableViewCell.m */ = {isa = PBXFileReference; fileEncoding = 4; lastKnownFileType = sourcecode.c.objc; path = CustomTableViewCell.m; sourceTree = "<group>"; };
		3DB311C714AD658DD166EDD3 /* Pods.release.xcconfig */ = {isa = PBXFileReference; includeInIndex = 1; lastKnownFileType = text.xcconfig; name = Pods.release.xcconfig; path = "Pods/Target Support Files/Pods/Pods.release.xcconfig"; sourceTree = "<group>"; };
		4ECBC58C68D93CAB339BD5D2 /* Pods.debug.xcconfig */ = {isa = PBXFileReference; includeInIndex = 1; lastKnownFileType = text.xcconfig; name = Pods.debug.xcconfig; path = "Pods/Target Support Files/Pods/Pods.debug.xcconfig"; sourceTree = "<group>"; };
		6FAAC5071BD939FA0085017B /* AHYRecommendView.h */ = {isa = PBXFileReference; fileEncoding = 4; lastKnownFileType = sourcecode.c.h; path = AHYRecommendView.h; sourceTree = "<group>"; };
		6FAAC5081BD939FA0085017B /* AHYRecommendView.m */ = {isa = PBXFileReference; fileEncoding = 4; lastKnownFileType = sourcecode.c.objc; path = AHYRecommendView.m; sourceTree = "<group>"; };
		6FAAC50B1BD9E1190085017B /* AHYAdvisorListCell.h */ = {isa = PBXFileReference; fileEncoding = 4; lastKnownFileType = sourcecode.c.h; path = AHYAdvisorListCell.h; sourceTree = "<group>"; };
		6FAAC50C1BD9E1190085017B /* AHYAdvisorListCell.m */ = {isa = PBXFileReference; fileEncoding = 4; lastKnownFileType = sourcecode.c.objc; path = AHYAdvisorListCell.m; sourceTree = "<group>"; };
		6FAAC5121BDA00530085017B /* AVStarsView.h */ = {isa = PBXFileReference; fileEncoding = 4; lastKnownFileType = sourcecode.c.h; path = AVStarsView.h; sourceTree = "<group>"; };
		6FAAC5131BDA00530085017B /* AVStarsView.m */ = {isa = PBXFileReference; fileEncoding = 4; lastKnownFileType = sourcecode.c.objc; path = AVStarsView.m; sourceTree = "<group>"; };
		6FAAC5151BDA03900085017B /* UIColor+Hex.h */ = {isa = PBXFileReference; fileEncoding = 4; lastKnownFileType = sourcecode.c.h; path = "UIColor+Hex.h"; sourceTree = "<group>"; };
		6FAAC5161BDA03900085017B /* UIColor+Hex.m */ = {isa = PBXFileReference; fileEncoding = 4; lastKnownFileType = sourcecode.c.objc; path = "UIColor+Hex.m"; sourceTree = "<group>"; };
		6FAAC51A1BDA0EF90085017B /* AHYColor.h */ = {isa = PBXFileReference; fileEncoding = 4; lastKnownFileType = sourcecode.c.h; path = AHYColor.h; sourceTree = "<group>"; };
		6FAAC51B1BDA12710085017B /* AHYFont.h */ = {isa = PBXFileReference; fileEncoding = 4; lastKnownFileType = sourcecode.c.h; path = AHYFont.h; sourceTree = "<group>"; };
		6FAAC5211BDA75860085017B /* AHYSingleTopicCell.h */ = {isa = PBXFileReference; fileEncoding = 4; lastKnownFileType = sourcecode.c.h; path = AHYSingleTopicCell.h; sourceTree = "<group>"; };
		6FAAC5221BDA75870085017B /* AHYSingleTopicCell.m */ = {isa = PBXFileReference; fileEncoding = 4; lastKnownFileType = sourcecode.c.objc; path = AHYSingleTopicCell.m; sourceTree = "<group>"; };
		6FAAC5271BDA8C080085017B /* AHYCategoryView.h */ = {isa = PBXFileReference; fileEncoding = 4; lastKnownFileType = sourcecode.c.h; path = AHYCategoryView.h; sourceTree = "<group>"; };
		6FAAC5281BDA8C080085017B /* AHYCategoryView.m */ = {isa = PBXFileReference; fileEncoding = 4; lastKnownFileType = sourcecode.c.objc; path = AHYCategoryView.m; sourceTree = "<group>"; };
		6FAAC5351BDF54DA0085017B /* AHYTopic.h */ = {isa = PBXFileReference; fileEncoding = 4; lastKnownFileType = sourcecode.c.h; path = AHYTopic.h; sourceTree = "<group>"; };
		6FAAC5361BDF54DA0085017B /* AHYTopic.m */ = {isa = PBXFileReference; fileEncoding = 4; lastKnownFileType = sourcecode.c.objc; path = AHYTopic.m; sourceTree = "<group>"; };
		6FAAC53B1BDF563C0085017B /* AHYTopicCategory.h */ = {isa = PBXFileReference; lastKnownFileType = sourcecode.c.h; path = AHYTopicCategory.h; sourceTree = "<group>"; };
		6FAAC53C1BDF5B640085017B /* AHYAdvisor.h */ = {isa = PBXFileReference; fileEncoding = 4; lastKnownFileType = sourcecode.c.h; path = AHYAdvisor.h; sourceTree = "<group>"; };
		6FAAC53D1BDF5B640085017B /* AHYAdvisor.m */ = {isa = PBXFileReference; fileEncoding = 4; lastKnownFileType = sourcecode.c.objc; path = AHYAdvisor.m; sourceTree = "<group>"; };
		7E0B65A31BCD53AA004BAA76 /* AHYDiscoverViewController.h */ = {isa = PBXFileReference; fileEncoding = 4; lastKnownFileType = sourcecode.c.h; path = AHYDiscoverViewController.h; sourceTree = "<group>"; };
		7E0B65A41BCD53AA004BAA76 /* AHYDiscoverViewController.m */ = {isa = PBXFileReference; fileEncoding = 4; lastKnownFileType = sourcecode.c.objc; path = AHYDiscoverViewController.m; sourceTree = "<group>"; };
		7E0B65A61BCD53D5004BAA76 /* AHYSearchViewController.h */ = {isa = PBXFileReference; fileEncoding = 4; lastKnownFileType = sourcecode.c.h; path = AHYSearchViewController.h; sourceTree = "<group>"; };
		7E0B65A71BCD53D5004BAA76 /* AHYSearchViewController.m */ = {isa = PBXFileReference; fileEncoding = 4; lastKnownFileType = sourcecode.c.objc; path = AHYSearchViewController.m; sourceTree = "<group>"; };
		7E13751D1BCA6EB100AB3CA9 /* Ahoy.app */ = {isa = PBXFileReference; explicitFileType = wrapper.application; includeInIndex = 0; path = Ahoy.app; sourceTree = BUILT_PRODUCTS_DIR; };
		7E1375211BCA6EB100AB3CA9 /* main.m */ = {isa = PBXFileReference; lastKnownFileType = sourcecode.c.objc; path = main.m; sourceTree = "<group>"; };
		7E1375231BCA6EB100AB3CA9 /* AppDelegate.h */ = {isa = PBXFileReference; lastKnownFileType = sourcecode.c.h; path = AppDelegate.h; sourceTree = "<group>"; };
		7E1375241BCA6EB100AB3CA9 /* AppDelegate.m */ = {isa = PBXFileReference; lastKnownFileType = sourcecode.c.objc; path = AppDelegate.m; sourceTree = "<group>"; };
		7E13752F1BCA6EB100AB3CA9 /* Assets.xcassets */ = {isa = PBXFileReference; lastKnownFileType = folder.assetcatalog; path = Assets.xcassets; sourceTree = "<group>"; };
		7E1375321BCA6EB100AB3CA9 /* Base */ = {isa = PBXFileReference; lastKnownFileType = file.storyboard; name = Base; path = Base.lproj/LaunchScreen.storyboard; sourceTree = "<group>"; };
		7E1375341BCA6EB100AB3CA9 /* Info.plist */ = {isa = PBXFileReference; lastKnownFileType = text.plist.xml; path = Info.plist; sourceTree = "<group>"; };
		7E3629291BEE3F160000711F /* AHYTopicViewController.h */ = {isa = PBXFileReference; fileEncoding = 4; lastKnownFileType = sourcecode.c.h; path = AHYTopicViewController.h; sourceTree = "<group>"; };
		7E36292A1BEE3F160000711F /* AHYTopicViewController.m */ = {isa = PBXFileReference; fileEncoding = 4; lastKnownFileType = sourcecode.c.objc; path = AHYTopicViewController.m; sourceTree = "<group>"; };
		7E3C065B1BEF984600E8F5D7 /* AHYAdvisorFilterView.h */ = {isa = PBXFileReference; fileEncoding = 4; lastKnownFileType = sourcecode.c.h; path = AHYAdvisorFilterView.h; sourceTree = "<group>"; };
		7E3C065C1BEF984600E8F5D7 /* AHYAdvisorFilterView.m */ = {isa = PBXFileReference; fileEncoding = 4; lastKnownFileType = sourcecode.c.objc; path = AHYAdvisorFilterView.m; sourceTree = "<group>"; };
		7E3C066A1BF2457300E8F5D7 /* UIImage+Color.h */ = {isa = PBXFileReference; fileEncoding = 4; lastKnownFileType = sourcecode.c.h; path = "UIImage+Color.h"; sourceTree = "<group>"; };
		7E3C066B1BF2457300E8F5D7 /* UIImage+Color.m */ = {isa = PBXFileReference; fileEncoding = 4; lastKnownFileType = sourcecode.c.objc; path = "UIImage+Color.m"; sourceTree = "<group>"; };
		7E3C066D1BF2459600E8F5D7 /* NMRangeSlider.m */ = {isa = PBXFileReference; fileEncoding = 4; lastKnownFileType = sourcecode.c.objc; path = NMRangeSlider.m; sourceTree = "<group>"; };
		7E3C066E1BF2459600E8F5D7 /* NMRangeSlider.h */ = {isa = PBXFileReference; fileEncoding = 4; lastKnownFileType = sourcecode.c.h; path = NMRangeSlider.h; sourceTree = "<group>"; };
		7E3C06701BF2466A00E8F5D7 /* RFSegmentView.h */ = {isa = PBXFileReference; fileEncoding = 4; lastKnownFileType = sourcecode.c.h; path = RFSegmentView.h; sourceTree = "<group>"; };
		7E3C06711BF2466A00E8F5D7 /* RFSegmentView.m */ = {isa = PBXFileReference; fileEncoding = 4; lastKnownFileType = sourcecode.c.objc; path = RFSegmentView.m; sourceTree = "<group>"; };
		7E3C06761BF38FDA00E8F5D7 /* AHYAdvisorFilterView.xib */ = {isa = PBXFileReference; fileEncoding = 4; lastKnownFileType = file.xib; path = AHYAdvisorFilterView.xib; sourceTree = "<group>"; };
		7E4DA13A1BFCC85700978C5A /* Reveal.framework */ = {isa = PBXFileReference; lastKnownFileType = wrapper.framework; path = Reveal.framework; sourceTree = "<group>"; };
		7E4DA13C1BFCC9FE00978C5A /* libz.1.dylib */ = {isa = PBXFileReference; lastKnownFileType = "compiled.mach-o.dylib"; name = libz.1.dylib; path = ../../../../usr/lib/libz.1.dylib; sourceTree = "<group>"; };
		7E6C21C71C0F494400BC407E /* AHYSearchResultsViewController.h */ = {isa = PBXFileReference; fileEncoding = 4; lastKnownFileType = sourcecode.c.h; path = AHYSearchResultsViewController.h; sourceTree = "<group>"; };
		7E6C21C81C0F494400BC407E /* AHYSearchResultsViewController.m */ = {isa = PBXFileReference; fileEncoding = 4; lastKnownFileType = sourcecode.c.objc; path = AHYSearchResultsViewController.m; sourceTree = "<group>"; };
		7E6C21CB1C1B231C00BC407E /* AHYNetworkEngine.h */ = {isa = PBXFileReference; fileEncoding = 4; lastKnownFileType = sourcecode.c.h; path = AHYNetworkEngine.h; sourceTree = "<group>"; };
		7E6C21CC1C1B231C00BC407E /* AHYNetworkEngine.m */ = {isa = PBXFileReference; fileEncoding = 4; lastKnownFileType = sourcecode.c.objc; path = AHYNetworkEngine.m; sourceTree = "<group>"; };
		7E6C21CE1C1B23A900BC407E /* AHYNetworkType.h */ = {isa = PBXFileReference; lastKnownFileType = sourcecode.c.h; path = AHYNetworkType.h; sourceTree = "<group>"; };
		7E6C21CF1C1B243E00BC407E /* AHYNetworkResponse.h */ = {isa = PBXFileReference; fileEncoding = 4; lastKnownFileType = sourcecode.c.h; path = AHYNetworkResponse.h; sourceTree = "<group>"; };
		7E6C21D01C1B243E00BC407E /* AHYNetworkResponse.m */ = {isa = PBXFileReference; fileEncoding = 4; lastKnownFileType = sourcecode.c.objc; path = AHYNetworkResponse.m; sourceTree = "<group>"; };
		7EE5AF241BCB26A0002B1771 /* AHYRootViewControllerManager.h */ = {isa = PBXFileReference; fileEncoding = 4; lastKnownFileType = sourcecode.c.h; path = AHYRootViewControllerManager.h; sourceTree = "<group>"; };
		7EE5AF251BCB26A0002B1771 /* AHYRootViewControllerManager.m */ = {isa = PBXFileReference; fileEncoding = 4; lastKnownFileType = sourcecode.c.objc; path = AHYRootViewControllerManager.m; sourceTree = "<group>"; };
		7EE5AF281BCB28B7002B1771 /* Ahoy-Prefix.pch */ = {isa = PBXFileReference; fileEncoding = 4; lastKnownFileType = sourcecode.c.h; path = "Ahoy-Prefix.pch"; sourceTree = "<group>"; };
		FC18603D1C2D1A0400BD410B /* AHYReviewReservationVC.h */ = {isa = PBXFileReference; fileEncoding = 4; lastKnownFileType = sourcecode.c.h; name = AHYReviewReservationVC.h; path = Reservation/AHYReviewReservationVC.h; sourceTree = "<group>"; };
		FC18603E1C2D1A0400BD410B /* AHYReviewReservationVC.m */ = {isa = PBXFileReference; fileEncoding = 4; lastKnownFileType = sourcecode.c.objc; name = AHYReviewReservationVC.m; path = Reservation/AHYReviewReservationVC.m; sourceTree = "<group>"; };
		FC4B2CD61C1986F800F58103 /* UIAdvisorPageCollectionCell.h */ = {isa = PBXFileReference; fileEncoding = 4; lastKnownFileType = sourcecode.c.h; name = UIAdvisorPageCollectionCell.h; path = User/UIAdvisorPageCollectionCell.h; sourceTree = "<group>"; };
		FC4B2CD71C1986F800F58103 /* UIAdvisorPageCollectionCell.m */ = {isa = PBXFileReference; fileEncoding = 4; lastKnownFileType = sourcecode.c.objc; name = UIAdvisorPageCollectionCell.m; path = User/UIAdvisorPageCollectionCell.m; sourceTree = "<group>"; };
		FC4B2CD91C1987E900F58103 /* UIAdvisorNormalCollectionCell.h */ = {isa = PBXFileReference; fileEncoding = 4; lastKnownFileType = sourcecode.c.h; name = UIAdvisorNormalCollectionCell.h; path = User/UIAdvisorNormalCollectionCell.h; sourceTree = "<group>"; };
		FC4B2CDA1C1987E900F58103 /* UIAdvisorNormalCollectionCell.m */ = {isa = PBXFileReference; fileEncoding = 4; lastKnownFileType = sourcecode.c.objc; name = UIAdvisorNormalCollectionCell.m; path = User/UIAdvisorNormalCollectionCell.m; sourceTree = "<group>"; };
		FC5422491C11D1BE008BC3E5 /* AHYAdVisorProfileVC.h */ = {isa = PBXFileReference; fileEncoding = 4; lastKnownFileType = sourcecode.c.h; name = AHYAdVisorProfileVC.h; path = User/AHYAdVisorProfileVC.h; sourceTree = "<group>"; };
		FC54224A1C11D1BE008BC3E5 /* AHYAdVisorProfileVC.m */ = {isa = PBXFileReference; fileEncoding = 4; lastKnownFileType = sourcecode.c.objc; name = AHYAdVisorProfileVC.m; path = User/AHYAdVisorProfileVC.m; sourceTree = "<group>"; };
		FC5535A71C080F35002A05BE /* UIUserReviewsView.h */ = {isa = PBXFileReference; fileEncoding = 4; lastKnownFileType = sourcecode.c.h; name = UIUserReviewsView.h; path = User/UIUserReviewsView.h; sourceTree = "<group>"; };
		FC5535A81C080F35002A05BE /* UIUserReviewsView.m */ = {isa = PBXFileReference; fileEncoding = 4; lastKnownFileType = sourcecode.c.objc; name = UIUserReviewsView.m; path = User/UIUserReviewsView.m; sourceTree = "<group>"; };
		FC5535AA1C08195F002A05BE /* CustomTagView.h */ = {isa = PBXFileReference; fileEncoding = 4; lastKnownFileType = sourcecode.c.h; path = CustomTagView.h; sourceTree = "<group>"; };
		FC5535AB1C08195F002A05BE /* CustomTagView.m */ = {isa = PBXFileReference; fileEncoding = 4; lastKnownFileType = sourcecode.c.objc; path = CustomTagView.m; sourceTree = "<group>"; };
		FC5535B51C085901002A05BE /* AHYUser.h */ = {isa = PBXFileReference; fileEncoding = 4; lastKnownFileType = sourcecode.c.h; name = AHYUser.h; path = User/AHYUser.h; sourceTree = "<group>"; };
		FC5535B61C085901002A05BE /* AHYUser.m */ = {isa = PBXFileReference; fileEncoding = 4; lastKnownFileType = sourcecode.c.objc; name = AHYUser.m; path = User/AHYUser.m; sourceTree = "<group>"; };
		FC5535B81C085EC2002A05BE /* AHYReviewTag.h */ = {isa = PBXFileReference; fileEncoding = 4; lastKnownFileType = sourcecode.c.h; name = AHYReviewTag.h; path = User/AHYReviewTag.h; sourceTree = "<group>"; };
		FC5535B91C085EC2002A05BE /* AHYReviewTag.m */ = {isa = PBXFileReference; fileEncoding = 4; lastKnownFileType = sourcecode.c.objc; name = AHYReviewTag.m; path = User/AHYReviewTag.m; sourceTree = "<group>"; };
		FC5B355D1C28059B00FDE1D0 /* Utility.h */ = {isa = PBXFileReference; fileEncoding = 4; lastKnownFileType = sourcecode.c.h; path = Utility.h; sourceTree = "<group>"; };
		FC5B355E1C28059B00FDE1D0 /* Utility.m */ = {isa = PBXFileReference; fileEncoding = 4; lastKnownFileType = sourcecode.c.objc; path = Utility.m; sourceTree = "<group>"; };
		FC5F2C691C2153A6002D1779 /* UITopicSelectCollectionCell.h */ = {isa = PBXFileReference; fileEncoding = 4; lastKnownFileType = sourcecode.c.h; name = UITopicSelectCollectionCell.h; path = User/UITopicSelectCollectionCell.h; sourceTree = "<group>"; };
		FC5F2C6A1C2153A6002D1779 /* UITopicSelectCollectionCell.m */ = {isa = PBXFileReference; fileEncoding = 4; lastKnownFileType = sourcecode.c.objc; name = UITopicSelectCollectionCell.m; path = User/UITopicSelectCollectionCell.m; sourceTree = "<group>"; };
		FC6EC1DB1C29914E0081C4D7 /* AHYCancelReservationVC.h */ = {isa = PBXFileReference; fileEncoding = 4; lastKnownFileType = sourcecode.c.h; name = AHYCancelReservationVC.h; path = Reservation/AHYCancelReservationVC.h; sourceTree = "<group>"; };
		FC6EC1DC1C29914E0081C4D7 /* AHYCancelReservationVC.m */ = {isa = PBXFileReference; fileEncoding = 4; lastKnownFileType = sourcecode.c.objc; name = AHYCancelReservationVC.m; path = Reservation/AHYCancelReservationVC.m; sourceTree = "<group>"; };
		FC6EC1DD1C29914E0081C4D7 /* AHYReservationVC.h */ = {isa = PBXFileReference; fileEncoding = 4; lastKnownFileType = sourcecode.c.h; name = AHYReservationVC.h; path = Reservation/AHYReservationVC.h; sourceTree = "<group>"; };
		FC6EC1DE1C29914E0081C4D7 /* AHYReservationVC.m */ = {isa = PBXFileReference; fileEncoding = 4; lastKnownFileType = sourcecode.c.objc; name = AHYReservationVC.m; path = Reservation/AHYReservationVC.m; sourceTree = "<group>"; };
		FC70946D6FBBBF66DB552EFC /* libPods.a */ = {isa = PBXFileReference; explicitFileType = archive.ar; includeInIndex = 0; path = libPods.a; sourceTree = BUILT_PRODUCTS_DIR; };
		FC784C381C1D3FA6007FCD7F /* UIUserScoreView.h */ = {isa = PBXFileReference; fileEncoding = 4; lastKnownFileType = sourcecode.c.h; name = UIUserScoreView.h; path = User/UIUserScoreView.h; sourceTree = "<group>"; };
		FC784C391C1D3FA6007FCD7F /* UIUserScoreView.m */ = {isa = PBXFileReference; fileEncoding = 4; lastKnownFileType = sourcecode.c.objc; name = UIUserScoreView.m; path = User/UIUserScoreView.m; sourceTree = "<group>"; };
		FCF0E71D1BF5D6D8002BDCE2 /* UIAdvisePageScrollView.h */ = {isa = PBXFileReference; fileEncoding = 4; lastKnownFileType = sourcecode.c.h; name = UIAdvisePageScrollView.h; path = User/UIAdvisePageScrollView.h; sourceTree = "<group>"; };
		FCF0E71E1BF5D6D8002BDCE2 /* UIAdvisePageScrollView.m */ = {isa = PBXFileReference; fileEncoding = 4; lastKnownFileType = sourcecode.c.objc; name = UIAdvisePageScrollView.m; path = User/UIAdvisePageScrollView.m; sourceTree = "<group>"; };
/* End PBXFileReference section */

/* Begin PBXFrameworksBuildPhase section */
		7E13751A1BCA6EB100AB3CA9 /* Frameworks */ = {
			isa = PBXFrameworksBuildPhase;
			buildActionMask = 2147483647;
			files = (
				0CD091EF1C51140300AEF0FE /* AVOSCloud.framework in Frameworks */,
				0CD091F01C51140300AEF0FE /* AVOSCloudIM.framework in Frameworks */,
				7E4DA13D1BFCC9FE00978C5A /* libz.1.dylib in Frameworks */,
				B0B5C99B4C05120E1A9BAF35 /* libPods.a in Frameworks */,
				0CD091F31C51144300AEF0FE /* AVOSCloudIM.framework in Frameworks */,
				7E4DA13B1BFCC85700978C5A /* Reveal.framework in Frameworks */,
				0CD091F11C51144300AEF0FE /* AVOSCloud.framework in Frameworks */,
			);
			runOnlyForDeploymentPostprocessing = 0;
		};
/* End PBXFrameworksBuildPhase section */

/* Begin PBXGroup section */
		0CD091901C4FD7BF00AEF0FE /* Chat */ = {
			isa = PBXGroup;
			children = (
				0CD091FC1C5122EC00AEF0FE /* Categories */,
				0CD0919D1C51109400AEF0FE /* OTRChat */,
				0CD091961C4FD85C00AEF0FE /* Views */,
				0CD091951C4FD85400AEF0FE /* Model */,
				0CD091941C4FD84800AEF0FE /* ViewControllers */,
			);
			name = Chat;
			sourceTree = "<group>";
		};
		0CD091941C4FD84800AEF0FE /* ViewControllers */ = {
			isa = PBXGroup;
			children = (
				0CD091971C510F4A00AEF0FE /* AHYContactListViewController.h */,
				0CD091981C510F4A00AEF0FE /* AHYContactListViewController.m */,
			);
			name = ViewControllers;
			sourceTree = "<group>";
		};
		0CD091951C4FD85400AEF0FE /* Model */ = {
			isa = PBXGroup;
			children = (
			);
			name = Model;
			sourceTree = "<group>";
		};
		0CD091961C4FD85C00AEF0FE /* Views */ = {
			isa = PBXGroup;
			children = (
				0CD0919E1C51120100AEF0FE /* AHYCommentView.h */,
				0CD0919F1C51120100AEF0FE /* AHYCommentView.m */,
				0CD091A01C51120100AEF0FE /* AHYReserveView.h */,
				0CD091A11C51120100AEF0FE /* AHYReserveView.m */,
				0CD0919A1C510F5E00AEF0FE /* AHYContactListCell.h */,
				0CD0919B1C510F5E00AEF0FE /* AHYContactListCell.m */,
			);
			name = Views;
			sourceTree = "<group>";
		};
		0CD0919D1C51109400AEF0FE /* OTRChat */ = {
			isa = PBXGroup;
			children = (
				0CD091E61C51137600AEF0FE /* Views */,
				0CD091AC1C51124500AEF0FE /* DatabaseView */,
				0CD091AF1C51124500AEF0FE /* Service */,
				0CD091B41C51124500AEF0FE /* Utilities */,
				0CD091C11C51124500AEF0FE /* YapStorage */,
			);
			name = OTRChat;
			sourceTree = "<group>";
		};
		0CD091AC1C51124500AEF0FE /* DatabaseView */ = {
			isa = PBXGroup;
			children = (
				0CD091AD1C51124500AEF0FE /* AHYDatabaseView.h */,
				0CD091AE1C51124500AEF0FE /* AHYDatabaseView.m */,
			);
			name = DatabaseView;
			path = Chat/OTRChat/DatabaseView;
			sourceTree = "<group>";
		};
		0CD091AF1C51124500AEF0FE /* Service */ = {
			isa = PBXGroup;
			children = (
				0CD091F91C5117F000AEF0FE /* AHYChatMediaFileManager.h */,
				0CD091FA1C5117F000AEF0FE /* AHYChatMediaFileManager.m */,
				0CD091B01C51124500AEF0FE /* AHYDatabaseManager.h */,
				0CD091B11C51124500AEF0FE /* AHYDatabaseManager.m */,
				0CD091B21C51124500AEF0FE /* AHYLeanMessageManager.h */,
				0CD091B31C51124500AEF0FE /* AHYLeanMessageManager.m */,
			);
			name = Service;
			path = Chat/OTRChat/Service;
			sourceTree = "<group>";
		};
		0CD091B41C51124500AEF0FE /* Utilities */ = {
			isa = PBXGroup;
			children = (
				0CD091F61C5116F600AEF0FE /* UIImage+BBlock.h */,
				0CD091F71C5116F600AEF0FE /* UIImage+BBlock.m */,
				0CD091B51C51124500AEF0FE /* OTRColors.h */,
				0CD091B61C51124500AEF0FE /* OTRColors.m */,
				0CD091B71C51124500AEF0FE /* OTRConstants.h */,
				0CD091B81C51124500AEF0FE /* OTRConstants.m */,
				0CD091B91C51124500AEF0FE /* OTRImages.h */,
				0CD091BA1C51124500AEF0FE /* OTRImages.m */,
				0CD091BB1C51124500AEF0FE /* OTRNotificationPermissions.h */,
				0CD091BC1C51124500AEF0FE /* OTRNotificationPermissions.m */,
				0CD091BD1C51124500AEF0FE /* OTRPasswordGenerator.h */,
				0CD091BE1C51124500AEF0FE /* OTRPasswordGenerator.m */,
				0CD091BF1C51124500AEF0FE /* OTRUtilities.h */,
				0CD091C01C51124500AEF0FE /* OTRUtilities.m */,
			);
			name = Utilities;
			path = Chat/OTRChat/Utilities;
			sourceTree = "<group>";
		};
		0CD091C11C51124500AEF0FE /* YapStorage */ = {
			isa = PBXGroup;
			children = (
				0CD091C21C51124500AEF0FE /* AHYChatAccount.h */,
				0CD091C31C51124500AEF0FE /* AHYChatAccount.m */,
				0CD091C41C51124500AEF0FE /* AHYCommentItem.h */,
				0CD091C51C51124500AEF0FE /* AHYCommentItem.m */,
				0CD091C61C51124500AEF0FE /* AHYReservationItem.h */,
				0CD091C71C51124500AEF0FE /* AHYReservationItem.m */,
				0CD091C81C51124500AEF0FE /* OTRBuddy.h */,
				0CD091C91C51124500AEF0FE /* OTRBuddy.m */,
				0CD091CA1C51124500AEF0FE /* OTRImageItem.h */,
				0CD091CB1C51124500AEF0FE /* OTRImageItem.m */,
				0CD091CC1C51124500AEF0FE /* OTRMediaItem.h */,
				0CD091CD1C51124500AEF0FE /* OTRMediaItem.m */,
				0CD091CE1C51124500AEF0FE /* OTRMessage+JSQMessageData.h */,
				0CD091CF1C51124500AEF0FE /* OTRMessage+JSQMessageData.m */,
				0CD091D01C51124500AEF0FE /* OTRMessage.h */,
				0CD091D11C51124500AEF0FE /* OTRMessage.m */,
				0CD091D21C51124500AEF0FE /* OTRYapDatabaseObject.h */,
				0CD091D31C51124500AEF0FE /* OTRYapDatabaseObject.m */,
			);
			name = YapStorage;
			path = Chat/OTRChat/YapStorage;
			sourceTree = "<group>";
		};
		0CD091E61C51137600AEF0FE /* Views */ = {
			isa = PBXGroup;
			children = (
				0CD091E71C51137600AEF0FE /* OTRColorFadingDotView.h */,
				0CD091E81C51137600AEF0FE /* OTRColorFadingDotView.m */,
				0CD091E91C51137600AEF0FE /* OTRComposingImageView.h */,
				0CD091EA1C51137600AEF0FE /* OTRComposingImageView.m */,
			);
			name = Views;
			path = Chat/OTRChat/Views;
			sourceTree = "<group>";
		};
		0CD091FC1C5122EC00AEF0FE /* Categories */ = {
			isa = PBXGroup;
			children = (
				0CD092001C51232B00AEF0FE /* GTMNSString+HTML.h */,
				0CD092011C51232B00AEF0FE /* GTMNSString+HTML.m */,
				0CD091FD1C5122EC00AEF0FE /* NSString+HTML.h */,
				0CD091FE1C5122EC00AEF0FE /* NSString+HTML.m */,
			);
			name = Categories;
			path = Chat/Categories;
			sourceTree = "<group>";
		};
		155C17EA8F325DD5C9B3F927 /* Pods */ = {
			isa = PBXGroup;
			children = (
				4ECBC58C68D93CAB339BD5D2 /* Pods.debug.xcconfig */,
				3DB311C714AD658DD166EDD3 /* Pods.release.xcconfig */,
			);
			name = Pods;
			sourceTree = "<group>";
		};
		1892F80E1BF0A21900EE1457 /* User */ = {
			isa = PBXGroup;
			children = (
				1892F8461BF307C400EE1457 /* Model */,
				1892F8451BF307BB00EE1457 /* View */,
				1892F8441BF307B000EE1457 /* ViewController */,
			);
			name = User;
			sourceTree = "<group>";
		};
		1892F8131BF0AE5800EE1457 /* Font */ = {
			isa = PBXGroup;
			children = (
				1892F8281BF0BA2000EE1457 /* Trade Gothic LT Bold Condensed No. 20 Oblique.ttf */,
				1892F8291BF0BA2000EE1457 /* Trade Gothic LT Bold Condensed No. 20.ttf */,
				1892F82A1BF0BA2000EE1457 /* Trade Gothic LT Bold Extended.ttf */,
				1892F82B1BF0BA2000EE1457 /* Trade Gothic LT Bold No. 2 Oblique.ttf */,
				1892F82C1BF0BA2000EE1457 /* Trade Gothic LT Bold No. 2.ttf */,
				1892F82D1BF0BA2000EE1457 /* Trade Gothic LT Bold Oblique.ttf */,
				1892F82E1BF0BA2000EE1457 /* Trade Gothic LT Condensed Bold.ttf */,
				1892F82F1BF0BA2000EE1457 /* Trade Gothic LT Condensed No. 18 Oblique.ttf */,
				1892F8301BF0BA2000EE1457 /* Trade Gothic LT Condensed No. 18.ttf */,
				1892F8311BF0BA2000EE1457 /* Trade Gothic LT Extended.ttf */,
				1892F8321BF0BA2000EE1457 /* Trade Gothic LT Light Oblique.ttf */,
				1892F8331BF0BA2000EE1457 /* Trade Gothic LT Light.ttf */,
				1892F8341BF0BA2000EE1457 /* Trade Gothic LT Oblique.ttf */,
				1892F8351BF0BA2000EE1457 /* Trade Gothic LT.ttf */,
				1892F81C1BF0BA1600EE1457 /* avenirnextbold.otf */,
				1892F81D1BF0BA1600EE1457 /* avenirnextdemibold.otf */,
				1892F81E1BF0BA1600EE1457 /* avenirnextdemibolditalic.otf */,
				1892F81F1BF0BA1600EE1457 /* avenirnextmedium.otf */,
				1892F8201BF0BA1600EE1457 /* avenirnextregular.otf */,
				1892F8211BF0BA1600EE1457 /* avenirnextregularitalic.otf */,
			);
			name = Font;
			sourceTree = "<group>";
		};
		1892F8441BF307B000EE1457 /* ViewController */ = {
			isa = PBXGroup;
			children = (
				1892F80F1BF0A24F00EE1457 /* AHYProfileViewController.h */,
				1892F8101BF0A24F00EE1457 /* AHYProfileViewController.m */,
				FC5422491C11D1BE008BC3E5 /* AHYAdVisorProfileVC.h */,
				FC54224A1C11D1BE008BC3E5 /* AHYAdVisorProfileVC.m */,
			);
			name = ViewController;
			sourceTree = "<group>";
		};
		1892F8451BF307BB00EE1457 /* View */ = {
			isa = PBXGroup;
			children = (
				1892F8471BF3083D00EE1457 /* UIProfileHeaderView.h */,
				1892F8481BF3083D00EE1457 /* UIProfileHeaderView.m */,
				1892F84D1BF3131A00EE1457 /* UIUserIntroductionView.h */,
				1892F84E1BF3131A00EE1457 /* UIUserIntroductionView.m */,
				FCF0E71D1BF5D6D8002BDCE2 /* UIAdvisePageScrollView.h */,
				FCF0E71E1BF5D6D8002BDCE2 /* UIAdvisePageScrollView.m */,
				FC5535A71C080F35002A05BE /* UIUserReviewsView.h */,
				FC5535A81C080F35002A05BE /* UIUserReviewsView.m */,
				FC4B2CD61C1986F800F58103 /* UIAdvisorPageCollectionCell.h */,
				FC4B2CD71C1986F800F58103 /* UIAdvisorPageCollectionCell.m */,
				FC4B2CD91C1987E900F58103 /* UIAdvisorNormalCollectionCell.h */,
				FC4B2CDA1C1987E900F58103 /* UIAdvisorNormalCollectionCell.m */,
				FC784C381C1D3FA6007FCD7F /* UIUserScoreView.h */,
				FC784C391C1D3FA6007FCD7F /* UIUserScoreView.m */,
				FC5F2C691C2153A6002D1779 /* UITopicSelectCollectionCell.h */,
				FC5F2C6A1C2153A6002D1779 /* UITopicSelectCollectionCell.m */,
			);
			name = View;
			sourceTree = "<group>";
		};
		1892F8461BF307C400EE1457 /* Model */ = {
			isa = PBXGroup;
			children = (
				FC5535B51C085901002A05BE /* AHYUser.h */,
				FC5535B61C085901002A05BE /* AHYUser.m */,
				FC5535B81C085EC2002A05BE /* AHYReviewTag.h */,
				FC5535B91C085EC2002A05BE /* AHYReviewTag.m */,
			);
			name = Model;
			sourceTree = "<group>";
		};
		6299A34A76006285610475DE /* Frameworks */ = {
			isa = PBXGroup;
			children = (
				0CD091ED1C51140300AEF0FE /* AVOSCloud.framework */,
				0CD091EE1C51140300AEF0FE /* AVOSCloudIM.framework */,
				7E4DA13C1BFCC9FE00978C5A /* libz.1.dylib */,
				7E4DA13A1BFCC85700978C5A /* Reveal.framework */,
				FC70946D6FBBBF66DB552EFC /* libPods.a */,
			);
			name = Frameworks;
			sourceTree = "<group>";
		};
		6FAAC50A1BD9DEE50085017B /* Views */ = {
			isa = PBXGroup;
			children = (
				6FAAC5071BD939FA0085017B /* AHYRecommendView.h */,
				6FAAC5081BD939FA0085017B /* AHYRecommendView.m */,
				6FAAC50B1BD9E1190085017B /* AHYAdvisorListCell.h */,
				6FAAC50C1BD9E1190085017B /* AHYAdvisorListCell.m */,
				6FAAC5211BDA75860085017B /* AHYSingleTopicCell.h */,
				6FAAC5221BDA75870085017B /* AHYSingleTopicCell.m */,
				6FAAC5271BDA8C080085017B /* AHYCategoryView.h */,
				6FAAC5281BDA8C080085017B /* AHYCategoryView.m */,
				7E3C065B1BEF984600E8F5D7 /* AHYAdvisorFilterView.h */,
				7E3C065C1BEF984600E8F5D7 /* AHYAdvisorFilterView.m */,
				7E3C06761BF38FDA00E8F5D7 /* AHYAdvisorFilterView.xib */,
			);
			name = Views;
			sourceTree = "<group>";
		};
		6FAAC5111BDA00530085017B /* Utility */ = {
			isa = PBXGroup;
			children = (
				7E6C21CA1C1B228500BC407E /* Network */,
				6FAAC5181BDA039E0085017B /* Views */,
				6FAAC5151BDA03900085017B /* UIColor+Hex.h */,
				6FAAC5161BDA03900085017B /* UIColor+Hex.m */,
				7E3C066A1BF2457300E8F5D7 /* UIImage+Color.h */,
				7E3C066B1BF2457300E8F5D7 /* UIImage+Color.m */,
				FC5B355D1C28059B00FDE1D0 /* Utility.h */,
				FC5B355E1C28059B00FDE1D0 /* Utility.m */,
			);
			name = Utility;
			path = Ahoy/Utility;
			sourceTree = "<group>";
		};
		6FAAC5181BDA039E0085017B /* Views */ = {
			isa = PBXGroup;
			children = (
				FC5535B11C084364002A05BE /* Tag */,
				7E3C06701BF2466A00E8F5D7 /* RFSegmentView.h */,
				7E3C06711BF2466A00E8F5D7 /* RFSegmentView.m */,
				7E3C066E1BF2459600E8F5D7 /* NMRangeSlider.h */,
				7E3C066D1BF2459600E8F5D7 /* NMRangeSlider.m */,
				6FAAC5121BDA00530085017B /* AVStarsView.h */,
				6FAAC5131BDA00530085017B /* AVStarsView.m */,
				1892F8501BF3193600EE1457 /* CustomTableViewCell.h */,
				1892F8511BF3193600EE1457 /* CustomTableViewCell.m */,
			);
			name = Views;
			sourceTree = "<group>";
		};
		6FAAC5191BDA0EA50085017B /* Constant */ = {
			isa = PBXGroup;
			children = (
				6FAAC51A1BDA0EF90085017B /* AHYColor.h */,
				6FAAC51B1BDA12710085017B /* AHYFont.h */,
				1892F8121BF0A7F000EE1457 /* AHYFrame.h */,
			);
			name = Constant;
			path = Ahoy/Constant;
			sourceTree = "<group>";
		};
		6FAAC5301BDB3F640085017B /* Model */ = {
			isa = PBXGroup;
			children = (
				6FAAC53B1BDF563C0085017B /* AHYTopicCategory.h */,
				6FAAC53C1BDF5B640085017B /* AHYAdvisor.h */,
				6FAAC53D1BDF5B640085017B /* AHYAdvisor.m */,
				6FAAC5351BDF54DA0085017B /* AHYTopic.h */,
				6FAAC5361BDF54DA0085017B /* AHYTopic.m */,
			);
			name = Model;
			sourceTree = "<group>";
		};
		7E0B65A91BCD54A6004BAA76 /* Discover */ = {
			isa = PBXGroup;
			children = (
				6FAAC5301BDB3F640085017B /* Model */,
				6FAAC50A1BD9DEE50085017B /* Views */,
				7E0B65A31BCD53AA004BAA76 /* AHYDiscoverViewController.h */,
				7E0B65A41BCD53AA004BAA76 /* AHYDiscoverViewController.m */,
				7E3629291BEE3F160000711F /* AHYTopicViewController.h */,
				7E36292A1BEE3F160000711F /* AHYTopicViewController.m */,
			);
			name = Discover;
			sourceTree = "<group>";
		};
		7E0B65AA1BCD54B3004BAA76 /* Search */ = {
			isa = PBXGroup;
			children = (
				7E0B65A61BCD53D5004BAA76 /* AHYSearchViewController.h */,
				7E0B65A71BCD53D5004BAA76 /* AHYSearchViewController.m */,
				7E6C21C71C0F494400BC407E /* AHYSearchResultsViewController.h */,
				7E6C21C81C0F494400BC407E /* AHYSearchResultsViewController.m */,
			);
			name = Search;
			sourceTree = "<group>";
		};
		7E1375141BCA6EB000AB3CA9 = {
			isa = PBXGroup;
			children = (
				7E13751F1BCA6EB100AB3CA9 /* Ahoy */,
				6FAAC5191BDA0EA50085017B /* Constant */,
				6FAAC5111BDA00530085017B /* Utility */,
				7E13751E1BCA6EB100AB3CA9 /* Products */,
				155C17EA8F325DD5C9B3F927 /* Pods */,
				6299A34A76006285610475DE /* Frameworks */,
			);
			sourceTree = "<group>";
		};
		7E13751E1BCA6EB100AB3CA9 /* Products */ = {
			isa = PBXGroup;
			children = (
				7E13751D1BCA6EB100AB3CA9 /* Ahoy.app */,
			);
			name = Products;
			sourceTree = "<group>";
		};
		7E13751F1BCA6EB100AB3CA9 /* Ahoy */ = {
			isa = PBXGroup;
			children = (
				0CD091901C4FD7BF00AEF0FE /* Chat */,
				7EE5AF281BCB28B7002B1771 /* Ahoy-Prefix.pch */,
				7E1375231BCA6EB100AB3CA9 /* AppDelegate.h */,
				7E1375241BCA6EB100AB3CA9 /* AppDelegate.m */,
				7EE5AF241BCB26A0002B1771 /* AHYRootViewControllerManager.h */,
				7EE5AF251BCB26A0002B1771 /* AHYRootViewControllerManager.m */,
				7E0B65A91BCD54A6004BAA76 /* Discover */,
				7E0B65AA1BCD54B3004BAA76 /* Search */,
				FC6EC1DA1C2990B60081C4D7 /* Reservation */,
				1892F80E1BF0A21900EE1457 /* User */,
				7E13752F1BCA6EB100AB3CA9 /* Assets.xcassets */,
				7E1375311BCA6EB100AB3CA9 /* LaunchScreen.storyboard */,
				7E1375341BCA6EB100AB3CA9 /* Info.plist */,
				7E1375201BCA6EB100AB3CA9 /* Supporting Files */,
			);
			path = Ahoy;
			sourceTree = "<group>";
		};
		7E1375201BCA6EB100AB3CA9 /* Supporting Files */ = {
			isa = PBXGroup;
			children = (
				1892F8131BF0AE5800EE1457 /* Font */,
				7E1375211BCA6EB100AB3CA9 /* main.m */,
			);
			name = "Supporting Files";
			sourceTree = "<group>";
		};
		7E6C21CA1C1B228500BC407E /* Network */ = {
			isa = PBXGroup;
			children = (
				7E6C21CE1C1B23A900BC407E /* AHYNetworkType.h */,
				7E6C21CF1C1B243E00BC407E /* AHYNetworkResponse.h */,
				7E6C21D01C1B243E00BC407E /* AHYNetworkResponse.m */,
				7E6C21CB1C1B231C00BC407E /* AHYNetworkEngine.h */,
				7E6C21CC1C1B231C00BC407E /* AHYNetworkEngine.m */,
			);
			name = Network;
			sourceTree = "<group>";
		};
		FC5535B11C084364002A05BE /* Tag */ = {
			isa = PBXGroup;
			children = (
				FC5535AA1C08195F002A05BE /* CustomTagView.h */,
				FC5535AB1C08195F002A05BE /* CustomTagView.m */,
			);
			name = Tag;
			sourceTree = "<group>";
		};
		FC6EC1DA1C2990B60081C4D7 /* Reservation */ = {
			isa = PBXGroup;
			children = (
				FC6EC1DB1C29914E0081C4D7 /* AHYCancelReservationVC.h */,
				FC6EC1DC1C29914E0081C4D7 /* AHYCancelReservationVC.m */,
				FC6EC1DD1C29914E0081C4D7 /* AHYReservationVC.h */,
				FC6EC1DE1C29914E0081C4D7 /* AHYReservationVC.m */,
				FC18603D1C2D1A0400BD410B /* AHYReviewReservationVC.h */,
				FC18603E1C2D1A0400BD410B /* AHYReviewReservationVC.m */,
			);
			name = Reservation;
			sourceTree = "<group>";
		};
/* End PBXGroup section */

/* Begin PBXNativeTarget section */
		7E13751C1BCA6EB100AB3CA9 /* Ahoy */ = {
			isa = PBXNativeTarget;
			buildConfigurationList = 7E1375371BCA6EB100AB3CA9 /* Build configuration list for PBXNativeTarget "Ahoy" */;
			buildPhases = (
				64DE6323368BEEACD063D949 /* Check Pods Manifest.lock */,
				7E1375191BCA6EB100AB3CA9 /* Sources */,
				7E13751A1BCA6EB100AB3CA9 /* Frameworks */,
				7E13751B1BCA6EB100AB3CA9 /* Resources */,
				6DFE04B8CA73B130F54B42BA /* Embed Pods Frameworks */,
				405C1E286732BD2C97C148E5 /* Copy Pods Resources */,
				0CD091F51C51144400AEF0FE /* Embed Frameworks */,
			);
			buildRules = (
			);
			dependencies = (
			);
			name = Ahoy;
			productName = Ahoy;
			productReference = 7E13751D1BCA6EB100AB3CA9 /* Ahoy.app */;
			productType = "com.apple.product-type.application";
		};
/* End PBXNativeTarget section */

/* Begin PBXProject section */
		7E1375151BCA6EB000AB3CA9 /* Project object */ = {
			isa = PBXProject;
			attributes = {
				CLASSPREFIX = AHY;
				LastUpgradeCheck = 0710;
				ORGANIZATIONNAME = Ahoy;
				TargetAttributes = {
					7E13751C1BCA6EB100AB3CA9 = {
						CreatedOnToolsVersion = 7.0.1;
						DevelopmentTeam = B639Z9V9P2;
					};
				};
			};
			buildConfigurationList = 7E1375181BCA6EB000AB3CA9 /* Build configuration list for PBXProject "Ahoy" */;
			compatibilityVersion = "Xcode 3.2";
			developmentRegion = English;
			hasScannedForEncodings = 0;
			knownRegions = (
				en,
				Base,
			);
			mainGroup = 7E1375141BCA6EB000AB3CA9;
			productRefGroup = 7E13751E1BCA6EB100AB3CA9 /* Products */;
			projectDirPath = "";
			projectRoot = "";
			targets = (
				7E13751C1BCA6EB100AB3CA9 /* Ahoy */,
			);
		};
/* End PBXProject section */

/* Begin PBXResourcesBuildPhase section */
		7E13751B1BCA6EB100AB3CA9 /* Resources */ = {
			isa = PBXResourcesBuildPhase;
			buildActionMask = 2147483647;
			files = (
				1892F8371BF0BA2000EE1457 /* Trade Gothic LT Bold Condensed No. 20.ttf in Resources */,
				1892F8261BF0BA1600EE1457 /* avenirnextregular.otf in Resources */,
				1892F8251BF0BA1600EE1457 /* avenirnextmedium.otf in Resources */,
				1892F8421BF0BA2000EE1457 /* Trade Gothic LT Oblique.ttf in Resources */,
				7E1375331BCA6EB100AB3CA9 /* LaunchScreen.storyboard in Resources */,
				1892F8431BF0BA2000EE1457 /* Trade Gothic LT.ttf in Resources */,
				1892F83B1BF0BA2000EE1457 /* Trade Gothic LT Bold Oblique.ttf in Resources */,
				1892F8361BF0BA2000EE1457 /* Trade Gothic LT Bold Condensed No. 20 Oblique.ttf in Resources */,
				1892F8231BF0BA1600EE1457 /* avenirnextdemibold.otf in Resources */,
				1892F83C1BF0BA2000EE1457 /* Trade Gothic LT Condensed Bold.ttf in Resources */,
				7E1375301BCA6EB100AB3CA9 /* Assets.xcassets in Resources */,
				7E3C06771BF38FDA00E8F5D7 /* AHYAdvisorFilterView.xib in Resources */,
				1892F8391BF0BA2000EE1457 /* Trade Gothic LT Bold No. 2 Oblique.ttf in Resources */,
				1892F83A1BF0BA2000EE1457 /* Trade Gothic LT Bold No. 2.ttf in Resources */,
				1892F83F1BF0BA2000EE1457 /* Trade Gothic LT Extended.ttf in Resources */,
				1892F8401BF0BA2000EE1457 /* Trade Gothic LT Light Oblique.ttf in Resources */,
				1892F83E1BF0BA2000EE1457 /* Trade Gothic LT Condensed No. 18.ttf in Resources */,
				1892F8241BF0BA1600EE1457 /* avenirnextdemibolditalic.otf in Resources */,
				1892F8271BF0BA1600EE1457 /* avenirnextregularitalic.otf in Resources */,
				1892F8381BF0BA2000EE1457 /* Trade Gothic LT Bold Extended.ttf in Resources */,
				1892F83D1BF0BA2000EE1457 /* Trade Gothic LT Condensed No. 18 Oblique.ttf in Resources */,
				1892F8221BF0BA1600EE1457 /* avenirnextbold.otf in Resources */,
				1892F8411BF0BA2000EE1457 /* Trade Gothic LT Light.ttf in Resources */,
			);
			runOnlyForDeploymentPostprocessing = 0;
		};
/* End PBXResourcesBuildPhase section */

/* Begin PBXShellScriptBuildPhase section */
		405C1E286732BD2C97C148E5 /* Copy Pods Resources */ = {
			isa = PBXShellScriptBuildPhase;
			buildActionMask = 2147483647;
			files = (
			);
			inputPaths = (
			);
			name = "Copy Pods Resources";
			outputPaths = (
			);
			runOnlyForDeploymentPostprocessing = 0;
			shellPath = /bin/sh;
			shellScript = "\"${SRCROOT}/Pods/Target Support Files/Pods/Pods-resources.sh\"\n";
			showEnvVarsInLog = 0;
		};
		64DE6323368BEEACD063D949 /* Check Pods Manifest.lock */ = {
			isa = PBXShellScriptBuildPhase;
			buildActionMask = 2147483647;
			files = (
			);
			inputPaths = (
			);
			name = "Check Pods Manifest.lock";
			outputPaths = (
			);
			runOnlyForDeploymentPostprocessing = 0;
			shellPath = /bin/sh;
			shellScript = "diff \"${PODS_ROOT}/../Podfile.lock\" \"${PODS_ROOT}/Manifest.lock\" > /dev/null\nif [[ $? != 0 ]] ; then\n    cat << EOM\nerror: The sandbox is not in sync with the Podfile.lock. Run 'pod install' or update your CocoaPods installation.\nEOM\n    exit 1\nfi\n";
			showEnvVarsInLog = 0;
		};
		6DFE04B8CA73B130F54B42BA /* Embed Pods Frameworks */ = {
			isa = PBXShellScriptBuildPhase;
			buildActionMask = 2147483647;
			files = (
			);
			inputPaths = (
			);
			name = "Embed Pods Frameworks";
			outputPaths = (
			);
			runOnlyForDeploymentPostprocessing = 0;
			shellPath = /bin/sh;
			shellScript = "\"${SRCROOT}/Pods/Target Support Files/Pods/Pods-frameworks.sh\"\n";
			showEnvVarsInLog = 0;
		};
/* End PBXShellScriptBuildPhase section */

/* Begin PBXSourcesBuildPhase section */
		7E1375191BCA6EB100AB3CA9 /* Sources */ = {
			isa = PBXSourcesBuildPhase;
			buildActionMask = 2147483647;
			files = (
				0CD091DF1C51124500AEF0FE /* AHYReservationItem.m in Sources */,
				6FAAC5091BD939FA0085017B /* AHYRecommendView.m in Sources */,
				FC4B2CDB1C1987E900F58103 /* UIAdvisorNormalCollectionCell.m in Sources */,
				7EE5AF261BCB26A0002B1771 /* AHYRootViewControllerManager.m in Sources */,
				0CD091F81C5116F600AEF0FE /* UIImage+BBlock.m in Sources */,
				0CD0919C1C510F5E00AEF0FE /* AHYContactListCell.m in Sources */,
				FC54224B1C11D1BE008BC3E5 /* AHYAdVisorProfileVC.m in Sources */,
				0CD091EC1C51137600AEF0FE /* OTRComposingImageView.m in Sources */,
				0CD091DA1C51124500AEF0FE /* OTRNotificationPermissions.m in Sources */,
				6FAAC5291BDA8C080085017B /* AHYCategoryView.m in Sources */,
				0CD091991C510F4A00AEF0FE /* AHYContactListViewController.m in Sources */,
				0CD091A21C51120100AEF0FE /* AHYCommentView.m in Sources */,
				0CD091D51C51124500AEF0FE /* AHYDatabaseManager.m in Sources */,
				7E1375251BCA6EB100AB3CA9 /* AppDelegate.m in Sources */,
				0CD091DE1C51124500AEF0FE /* AHYCommentItem.m in Sources */,
				FC6EC1E01C29914E0081C4D7 /* AHYReservationVC.m in Sources */,
				0CD091D81C51124500AEF0FE /* OTRConstants.m in Sources */,
				6FAAC50E1BD9E1190085017B /* AHYAdvisorListCell.m in Sources */,
				0CD091FB1C5117F000AEF0FE /* AHYChatMediaFileManager.m in Sources */,
				7E3C066C1BF2457300E8F5D7 /* UIImage+Color.m in Sources */,
				7E3C06721BF2466A00E8F5D7 /* RFSegmentView.m in Sources */,
				FC18603F1C2D1A0400BD410B /* AHYReviewReservationVC.m in Sources */,
				1892F8521BF3193600EE1457 /* CustomTableViewCell.m in Sources */,
				0CD091E51C51124500AEF0FE /* OTRYapDatabaseObject.m in Sources */,
				6FAAC5231BDA75870085017B /* AHYSingleTopicCell.m in Sources */,
				FC5535BA1C085EC2002A05BE /* AHYReviewTag.m in Sources */,
				6FAAC5171BDA03900085017B /* UIColor+Hex.m in Sources */,
				7E6C21D11C1B243E00BC407E /* AHYNetworkResponse.m in Sources */,
				0CD092021C51232B00AEF0FE /* GTMNSString+HTML.m in Sources */,
				1892F8491BF3083D00EE1457 /* UIProfileHeaderView.m in Sources */,
				1892F8111BF0A24F00EE1457 /* AHYProfileViewController.m in Sources */,
				FC5B355F1C28059B00FDE1D0 /* Utility.m in Sources */,
				7E0B65A51BCD53AA004BAA76 /* AHYDiscoverViewController.m in Sources */,
				0CD091EB1C51137600AEF0FE /* OTRColorFadingDotView.m in Sources */,
				7E36292B1BEE3F160000711F /* AHYTopicViewController.m in Sources */,
				FCF0E71F1BF5D6D8002BDCE2 /* UIAdvisePageScrollView.m in Sources */,
				FC5535AC1C08195F002A05BE /* CustomTagView.m in Sources */,
				FC5535A91C080F35002A05BE /* UIUserReviewsView.m in Sources */,
				7E3C066F1BF2459600E8F5D7 /* NMRangeSlider.m in Sources */,
				7E3C065D1BEF984600E8F5D7 /* AHYAdvisorFilterView.m in Sources */,
				7E6C21C91C0F494400BC407E /* AHYSearchResultsViewController.m in Sources */,
				0CD091D41C51124500AEF0FE /* AHYDatabaseView.m in Sources */,
				FC6EC1DF1C29914E0081C4D7 /* AHYCancelReservationVC.m in Sources */,
				7E0C9EAA1BF873F000B2BCCB /* main.m in Sources */,
				0CD091DD1C51124500AEF0FE /* AHYChatAccount.m in Sources */,
				0CD091E31C51124500AEF0FE /* OTRMessage+JSQMessageData.m in Sources */,
				0CD091D61C51124500AEF0FE /* AHYLeanMessageManager.m in Sources */,
				0CD091E41C51124500AEF0FE /* OTRMessage.m in Sources */,
				0CD091A31C51120100AEF0FE /* AHYReserveView.m in Sources */,
				0CD091E21C51124500AEF0FE /* OTRMediaItem.m in Sources */,
				1892F84F1BF3131A00EE1457 /* UIUserIntroductionView.m in Sources */,
				0CD091E01C51124500AEF0FE /* OTRBuddy.m in Sources */,
				7E0B65A81BCD53D5004BAA76 /* AHYSearchViewController.m in Sources */,
				0CD091DB1C51124500AEF0FE /* OTRPasswordGenerator.m in Sources */,
				FC4B2CD81C1986F800F58103 /* UIAdvisorPageCollectionCell.m in Sources */,
				6FAAC5371BDF54DA0085017B /* AHYTopic.m in Sources */,
				FC784C3A1C1D3FA6007FCD7F /* UIUserScoreView.m in Sources */,
				0CD091D71C51124500AEF0FE /* OTRColors.m in Sources */,
				0CD091D91C51124500AEF0FE /* OTRImages.m in Sources */,
				0CD091FF1C5122EC00AEF0FE /* NSString+HTML.m in Sources */,
				6FAAC53E1BDF5B640085017B /* AHYAdvisor.m in Sources */,
				FC5535B71C085901002A05BE /* AHYUser.m in Sources */,
				FC5F2C6B1C2153A6002D1779 /* UITopicSelectCollectionCell.m in Sources */,
				6FAAC5141BDA00530085017B /* AVStarsView.m in Sources */,
				0CD091DC1C51124500AEF0FE /* OTRUtilities.m in Sources */,
				0CD091E11C51124500AEF0FE /* OTRImageItem.m in Sources */,
				7E6C21CD1C1B231C00BC407E /* AHYNetworkEngine.m in Sources */,
			);
			runOnlyForDeploymentPostprocessing = 0;
		};
/* End PBXSourcesBuildPhase section */

/* Begin PBXVariantGroup section */
		7E1375311BCA6EB100AB3CA9 /* LaunchScreen.storyboard */ = {
			isa = PBXVariantGroup;
			children = (
				7E1375321BCA6EB100AB3CA9 /* Base */,
			);
			name = LaunchScreen.storyboard;
			sourceTree = "<group>";
		};
/* End PBXVariantGroup section */

/* Begin XCBuildConfiguration section */
		7E1375351BCA6EB100AB3CA9 /* Debug */ = {
			isa = XCBuildConfiguration;
			buildSettings = {
				ALWAYS_SEARCH_USER_PATHS = NO;
				CLANG_CXX_LANGUAGE_STANDARD = "gnu++0x";
				CLANG_CXX_LIBRARY = "libc++";
				CLANG_ENABLE_MODULES = YES;
				CLANG_ENABLE_OBJC_ARC = YES;
				CLANG_WARN_BOOL_CONVERSION = YES;
				CLANG_WARN_CONSTANT_CONVERSION = YES;
				CLANG_WARN_DIRECT_OBJC_ISA_USAGE = YES_ERROR;
				CLANG_WARN_EMPTY_BODY = YES;
				CLANG_WARN_ENUM_CONVERSION = YES;
				CLANG_WARN_INT_CONVERSION = YES;
				CLANG_WARN_OBJC_ROOT_CLASS = YES_ERROR;
				CLANG_WARN_UNREACHABLE_CODE = YES;
				CLANG_WARN__DUPLICATE_METHOD_MATCH = YES;
				"CODE_SIGN_IDENTITY[sdk=iphoneos*]" = "iPhone Developer";
				COPY_PHASE_STRIP = NO;
				DEBUG_INFORMATION_FORMAT = dwarf;
				ENABLE_STRICT_OBJC_MSGSEND = YES;
				ENABLE_TESTABILITY = YES;
				GCC_C_LANGUAGE_STANDARD = gnu99;
				GCC_DYNAMIC_NO_PIC = NO;
				GCC_NO_COMMON_BLOCKS = YES;
				GCC_OPTIMIZATION_LEVEL = 0;
				GCC_PREPROCESSOR_DEFINITIONS = (
					"DEBUG=1",
					"$(inherited)",
				);
				GCC_WARN_64_TO_32_BIT_CONVERSION = YES;
				GCC_WARN_ABOUT_RETURN_TYPE = YES_ERROR;
				GCC_WARN_UNDECLARED_SELECTOR = YES;
				GCC_WARN_UNINITIALIZED_AUTOS = YES_AGGRESSIVE;
				GCC_WARN_UNUSED_FUNCTION = YES;
				GCC_WARN_UNUSED_VARIABLE = YES;
				IPHONEOS_DEPLOYMENT_TARGET = 8.0;
				MTL_ENABLE_DEBUG_INFO = YES;
				ONLY_ACTIVE_ARCH = YES;
				SDKROOT = iphoneos;
			};
			name = Debug;
		};
		7E1375361BCA6EB100AB3CA9 /* Release */ = {
			isa = XCBuildConfiguration;
			buildSettings = {
				ALWAYS_SEARCH_USER_PATHS = NO;
				CLANG_CXX_LANGUAGE_STANDARD = "gnu++0x";
				CLANG_CXX_LIBRARY = "libc++";
				CLANG_ENABLE_MODULES = YES;
				CLANG_ENABLE_OBJC_ARC = YES;
				CLANG_WARN_BOOL_CONVERSION = YES;
				CLANG_WARN_CONSTANT_CONVERSION = YES;
				CLANG_WARN_DIRECT_OBJC_ISA_USAGE = YES_ERROR;
				CLANG_WARN_EMPTY_BODY = YES;
				CLANG_WARN_ENUM_CONVERSION = YES;
				CLANG_WARN_INT_CONVERSION = YES;
				CLANG_WARN_OBJC_ROOT_CLASS = YES_ERROR;
				CLANG_WARN_UNREACHABLE_CODE = YES;
				CLANG_WARN__DUPLICATE_METHOD_MATCH = YES;
				"CODE_SIGN_IDENTITY[sdk=iphoneos*]" = "iPhone Developer";
				COPY_PHASE_STRIP = NO;
				DEBUG_INFORMATION_FORMAT = "dwarf-with-dsym";
				ENABLE_NS_ASSERTIONS = NO;
				ENABLE_STRICT_OBJC_MSGSEND = YES;
				GCC_C_LANGUAGE_STANDARD = gnu99;
				GCC_NO_COMMON_BLOCKS = YES;
				GCC_WARN_64_TO_32_BIT_CONVERSION = YES;
				GCC_WARN_ABOUT_RETURN_TYPE = YES_ERROR;
				GCC_WARN_UNDECLARED_SELECTOR = YES;
				GCC_WARN_UNINITIALIZED_AUTOS = YES_AGGRESSIVE;
				GCC_WARN_UNUSED_FUNCTION = YES;
				GCC_WARN_UNUSED_VARIABLE = YES;
				IPHONEOS_DEPLOYMENT_TARGET = 8.0;
				MTL_ENABLE_DEBUG_INFO = NO;
				SDKROOT = iphoneos;
				VALIDATE_PRODUCT = YES;
			};
			name = Release;
		};
		7E1375381BCA6EB100AB3CA9 /* Debug */ = {
			isa = XCBuildConfiguration;
			baseConfigurationReference = 4ECBC58C68D93CAB339BD5D2 /* Pods.debug.xcconfig */;
			buildSettings = {
				ASSETCATALOG_COMPILER_APPICON_NAME = AppIcon;
				CODE_SIGN_IDENTITY = "iPhone Developer";
				FRAMEWORK_SEARCH_PATHS = (
					"$(inherited)",
					"$(PROJECT_DIR)",
					"$(PROJECT_DIR)/Ahoy/Chat/AVOSCloud/Framework",
				);
				GCC_PRECOMPILE_PREFIX_HEADER = YES;
				GCC_PREFIX_HEADER = "$(SRCROOT)/Ahoy/Ahoy-Prefix.pch";
				INFOPLIST_FILE = Ahoy/Info.plist;
				IPHONEOS_DEPLOYMENT_TARGET = 8.0;
				LD_RUNPATH_SEARCH_PATHS = "$(inherited) @executable_path/Frameworks";
				OTHER_LDFLAGS = (
					"$(inherited)",
					"-ObjC",
					"-l\"AFNetworking\"",
					"-l\"JSONModel\"",
					"-l\"Masonry\"",
					"-l\"SDWebImage\"",
					"-framework",
					"\"CoreGraphics\"",
					"-framework",
					"\"Foundation\"",
					"-framework",
					"\"ImageIO\"",
					"-framework",
					"\"MobileCoreServices\"",
					"-framework",
					"\"Security\"",
					"-framework",
					"\"SystemConfiguration\"",
					"-framework",
					"\"UIKit\"",
					"-framework",
					Reveal,
				);
				PRODUCT_BUNDLE_IDENTIFIER = "Ahoy-Tech.Ahoy";
				PRODUCT_NAME = "$(TARGET_NAME)";
				USER_HEADER_SEARCH_PATHS = "${SRCROOT}/**";
			};
			name = Debug;
		};
		7E1375391BCA6EB100AB3CA9 /* Release */ = {
			isa = XCBuildConfiguration;
			baseConfigurationReference = 3DB311C714AD658DD166EDD3 /* Pods.release.xcconfig */;
			buildSettings = {
				ASSETCATALOG_COMPILER_APPICON_NAME = AppIcon;
				CODE_SIGN_IDENTITY = "iPhone Developer";
				FRAMEWORK_SEARCH_PATHS = (
					"$(inherited)",
					"$(PROJECT_DIR)",
					"$(PROJECT_DIR)/Ahoy/Chat/AVOSCloud/Framework",
				);
				GCC_PRECOMPILE_PREFIX_HEADER = YES;
				GCC_PREFIX_HEADER = "$(SRCROOT)/Ahoy/Ahoy-Prefix.pch";
				INFOPLIST_FILE = Ahoy/Info.plist;
				IPHONEOS_DEPLOYMENT_TARGET = 8.0;
				LD_RUNPATH_SEARCH_PATHS = "$(inherited) @executable_path/Frameworks";
				OTHER_LDFLAGS = (
					"$(inherited)",
					"-ObjC",
					"-l\"AFNetworking\"",
					"-l\"JSONModel\"",
					"-l\"Masonry\"",
					"-l\"SDWebImage\"",
					"-framework",
					"\"CoreGraphics\"",
					"-framework",
					"\"Foundation\"",
					"-framework",
					"\"ImageIO\"",
					"-framework",
					"\"MobileCoreServices\"",
					"-framework",
					"\"Security\"",
					"-framework",
					"\"SystemConfiguration\"",
					"-framework",
					"\"UIKit\"",
					"-framework",
					Reveal,
				);
				PRODUCT_BUNDLE_IDENTIFIER = "Ahoy-Tech.Ahoy";
				PRODUCT_NAME = "$(TARGET_NAME)";
				USER_HEADER_SEARCH_PATHS = "${SRCROOT}/**";
			};
			name = Release;
		};
/* End XCBuildConfiguration section */

/* Begin XCConfigurationList section */
		7E1375181BCA6EB000AB3CA9 /* Build configuration list for PBXProject "Ahoy" */ = {
			isa = XCConfigurationList;
			buildConfigurations = (
				7E1375351BCA6EB100AB3CA9 /* Debug */,
				7E1375361BCA6EB100AB3CA9 /* Release */,
			);
			defaultConfigurationIsVisible = 0;
			defaultConfigurationName = Release;
		};
		7E1375371BCA6EB100AB3CA9 /* Build configuration list for PBXNativeTarget "Ahoy" */ = {
			isa = XCConfigurationList;
			buildConfigurations = (
				7E1375381BCA6EB100AB3CA9 /* Debug */,
				7E1375391BCA6EB100AB3CA9 /* Release */,
			);
			defaultConfigurationIsVisible = 0;
			defaultConfigurationName = Release;
		};
/* End XCConfigurationList section */
	};
	rootObject = 7E1375151BCA6EB000AB3CA9 /* Project object */;
}
